# This file is automatically @generated by Poetry 1.5.1 and should not be changed by hand.

[[package]]
name = "black"
version = "21.12b0"
description = "The uncompromising code formatter."
optional = false
python-versions = ">=3.6.2"
files = [
    {file = "black-21.12b0-py3-none-any.whl", hash = "sha256:a615e69ae185e08fdd73e4715e260e2479c861b5740057fde6e8b4e3b7dd589f"},
    {file = "black-21.12b0.tar.gz", hash = "sha256:77b80f693a569e2e527958459634f18df9b0ba2625ba4e0c2d5da5be42e6f2b3"},
]

[package.dependencies]
click = ">=7.1.2"
mypy-extensions = ">=0.4.3"
pathspec = ">=0.9.0,<1"
platformdirs = ">=2"
tomli = ">=0.2.6,<2.0.0"
typing-extensions = {version = ">=3.10.0.0,<3.10.0.1 || >3.10.0.1", markers = "python_version >= \"3.10\""}

[package.extras]
colorama = ["colorama (>=0.4.3)"]
d = ["aiohttp (>=3.7.4)"]
jupyter = ["ipython (>=7.8.0)", "tokenize-rt (>=3.2.0)"]
python2 = ["typed-ast (>=1.4.3)"]
uvloop = ["uvloop (>=0.15.2)"]

[[package]]
name = "certifi"
version = "2023.7.22"
description = "Python package for providing Mozilla's CA Bundle."
optional = false
python-versions = ">=3.6"
files = [
    {file = "certifi-2023.7.22-py3-none-any.whl", hash = "sha256:92d6037539857d8206b8f6ae472e8b77db8058fec5937a1ef3f54304089edbb9"},
    {file = "certifi-2023.7.22.tar.gz", hash = "sha256:539cc1d13202e33ca466e88b2807e29f4c13049d6d87031a3c110744495cb082"},
]

[[package]]
name = "charset-normalizer"
version = "2.0.12"
description = "The Real First Universal Charset Detector. Open, modern and actively maintained alternative to Chardet."
optional = false
python-versions = ">=3.5.0"
files = [
    {file = "charset-normalizer-2.0.12.tar.gz", hash = "sha256:2857e29ff0d34db842cd7ca3230549d1a697f96ee6d3fb071cfa6c7393832597"},
    {file = "charset_normalizer-2.0.12-py3-none-any.whl", hash = "sha256:6881edbebdb17b39b4eaaa821b438bf6eddffb4468cf344f09f89def34a8b1df"},
]

[package.extras]
unicode-backport = ["unicodedata2"]

[[package]]
name = "click"
version = "8.0.3"
description = "Composable command line interface toolkit"
optional = false
python-versions = ">=3.6"
files = [
    {file = "click-8.0.3-py3-none-any.whl", hash = "sha256:353f466495adaeb40b6b5f592f9f91cb22372351c84caeb068132442a4518ef3"},
    {file = "click-8.0.3.tar.gz", hash = "sha256:410e932b050f5eed773c4cda94de75971c89cdb3155a72a0831139a79e5ecb5b"},
]

[package.dependencies]
colorama = {version = "*", markers = "platform_system == \"Windows\""}

[[package]]
name = "clickhouse-driver"
version = "0.2.3"
description = "Python driver with native interface for ClickHouse"
optional = false
python-versions = ">=3.4.*, <4"
files = [
    {file = "clickhouse-driver-0.2.3.tar.gz", hash = "sha256:519c591a96976bb136b1e82cdaf91385b6dc1f7d3e717d95c4f32adec62fd119"},
    {file = "clickhouse_driver-0.2.3-cp310-cp310-macosx_10_9_x86_64.whl", hash = "sha256:f7af8a0d20fdc968fc79f58086c8a8a171c51ee438a8235a34bfc185be85d185"},
    {file = "clickhouse_driver-0.2.3-cp310-cp310-manylinux_2_17_aarch64.manylinux2014_aarch64.whl", hash = "sha256:b06d41498eac00180cfd39551fda19a255cd61de32478f97128c61d19265653d"},
    {file = "clickhouse_driver-0.2.3-cp310-cp310-manylinux_2_17_ppc64le.manylinux2014_ppc64le.whl", hash = "sha256:7b34dae4b3388b680efcdbb56d4a9809fa1d7eac60b95c487de1c34962525c2b"},
    {file = "clickhouse_driver-0.2.3-cp310-cp310-manylinux_2_17_s390x.manylinux2014_s390x.whl", hash = "sha256:cc52dbb10e4af8dc6ae65020c17dd4575a9fc79d43770ff910cfaa81cc873e6b"},
    {file = "clickhouse_driver-0.2.3-cp310-cp310-manylinux_2_5_i686.manylinux1_i686.manylinux_2_12_i686.manylinux2010_i686.whl", hash = "sha256:0ed68a1d5026e833029a43b1728a2a502fbced10ba563db490d1673b36533914"},
    {file = "clickhouse_driver-0.2.3-cp310-cp310-manylinux_2_5_x86_64.manylinux1_x86_64.manylinux_2_12_x86_64.manylinux2010_x86_64.whl", hash = "sha256:17c554e28cff0b073c3db36c5911dc439ca091fcb3975f4c9e24475bd0fb80c2"},
    {file = "clickhouse_driver-0.2.3-cp310-cp310-musllinux_1_1_aarch64.whl", hash = "sha256:ab179bd808fe6684c2e6f3bd69b140c648faa27d0a4694569bc424f2bb2be753"},
    {file = "clickhouse_driver-0.2.3-cp310-cp310-musllinux_1_1_i686.whl", hash = "sha256:8c3605521fed461709af6bfd15b3ff131c8324b8e535b3c9920cdbee8c4d9587"},
    {file = "clickhouse_driver-0.2.3-cp310-cp310-musllinux_1_1_ppc64le.whl", hash = "sha256:9c7fba6c550988cc34f6f98b7ec50e0bb65bc3e61ba0ec4640aed49c01ec106e"},
    {file = "clickhouse_driver-0.2.3-cp310-cp310-musllinux_1_1_s390x.whl", hash = "sha256:6607b4ceb2d2d891675cae176387ab98fa5d6ec519d96d61c8f8b18dee7803dc"},
    {file = "clickhouse_driver-0.2.3-cp310-cp310-musllinux_1_1_x86_64.whl", hash = "sha256:9e6e232f3cc47d9b8047bd7f091664c6064b82475c0e110a2a4c91565b8fe193"},
    {file = "clickhouse_driver-0.2.3-cp310-cp310-win32.whl", hash = "sha256:10c37eff1ec69c76997480333e42ce822f31565837ff180ba3995062fa2ff79d"},
    {file = "clickhouse_driver-0.2.3-cp310-cp310-win_amd64.whl", hash = "sha256:6701c0a7cf7d63a674632d038f3385115e15ef58284e75e889c8f1f4c10c93b7"},
    {file = "clickhouse_driver-0.2.3-cp36-cp36m-macosx_10_9_x86_64.whl", hash = "sha256:4862ba3579ece265daecdabaf56094a5264aca8fb613bc8ef6be9c10b9bf8ce8"},
    {file = "clickhouse_driver-0.2.3-cp36-cp36m-manylinux_2_17_aarch64.manylinux2014_aarch64.whl", hash = "sha256:0bdc8daaa899827864f9f5fd1af464b89f6ccaf4523a41eba92c8e37ef995f32"},
    {file = "clickhouse_driver-0.2.3-cp36-cp36m-manylinux_2_17_ppc64le.manylinux2014_ppc64le.whl", hash = "sha256:09f00a5fbb0d1b4ab918edabc69723c92513c5392cb953b665877061c2eb4592"},
    {file = "clickhouse_driver-0.2.3-cp36-cp36m-manylinux_2_17_s390x.manylinux2014_s390x.whl", hash = "sha256:d6d93fcf708e9dacbb5337b11560814e81da14c33cf122fc5e28b75e14623e8a"},
    {file = "clickhouse_driver-0.2.3-cp36-cp36m-manylinux_2_5_i686.manylinux1_i686.manylinux_2_12_i686.manylinux2010_i686.whl", hash = "sha256:2ee60734c3966efe994dcbab3b278fd9bd24629949f350a8658e967a2e5b3059"},
    {file = "clickhouse_driver-0.2.3-cp36-cp36m-manylinux_2_5_x86_64.manylinux1_x86_64.manylinux_2_12_x86_64.manylinux2010_x86_64.whl", hash = "sha256:879f86780e87dac0ec5046d1f777fb3ba720350860caef2014ace4e076814929"},
    {file = "clickhouse_driver-0.2.3-cp36-cp36m-musllinux_1_1_aarch64.whl", hash = "sha256:aef00b224828aab6120b29bc882ab0b8371f8fd5bd5b8051ddaf9c95c4116261"},
    {file = "clickhouse_driver-0.2.3-cp36-cp36m-musllinux_1_1_i686.whl", hash = "sha256:60020294cf3ab4be5ea00715d9a0fba7b65982ecb3c2e9904464cc867f216ea3"},
    {file = "clickhouse_driver-0.2.3-cp36-cp36m-musllinux_1_1_ppc64le.whl", hash = "sha256:d081dd3fb4d438d910e79053a9ec2431e54ed3d9e148a3d3150c6630d73194bd"},
    {file = "clickhouse_driver-0.2.3-cp36-cp36m-musllinux_1_1_s390x.whl", hash = "sha256:4c07d9e381238c55a4fa75e71bf36f9ae7ee861ffa150df3cd4cf2236b3cf4e1"},
    {file = "clickhouse_driver-0.2.3-cp36-cp36m-musllinux_1_1_x86_64.whl", hash = "sha256:44b58f45ad9b5f9e85183018211d41e1016820fd573795b7cb0a1ee3ccc0945d"},
    {file = "clickhouse_driver-0.2.3-cp36-cp36m-win32.whl", hash = "sha256:5ad793c077b248356d4b84aa99a4428072cec96c2f059e87a7f52b7af48d1652"},
    {file = "clickhouse_driver-0.2.3-cp36-cp36m-win_amd64.whl", hash = "sha256:aaa3f3ba7bcbeaf3b557102558cff95fa016b7e4cc82caeaf731f7f83ae90a55"},
    {file = "clickhouse_driver-0.2.3-cp37-cp37m-macosx_10_9_x86_64.whl", hash = "sha256:3480f8ef9f7308ea38bdba4e832ea2a7967167506332df9387f600ba3cf0fe7b"},
    {file = "clickhouse_driver-0.2.3-cp37-cp37m-manylinux_2_17_aarch64.manylinux2014_aarch64.whl", hash = "sha256:5c7b20b97021f752e7078f85948e2f7be934ae654ce83a16c2e703384e506be3"},
    {file = "clickhouse_driver-0.2.3-cp37-cp37m-manylinux_2_17_ppc64le.manylinux2014_ppc64le.whl", hash = "sha256:a445036bcd2a86aa510a786b71417ab969ea05547fc94a74966886ad4901c430"},
    {file = "clickhouse_driver-0.2.3-cp37-cp37m-manylinux_2_17_s390x.manylinux2014_s390x.whl", hash = "sha256:7f628f245ae96608b07e2ed33c14453f0d9446db9cceeb1ca23bb1a4e9349211"},
    {file = "clickhouse_driver-0.2.3-cp37-cp37m-manylinux_2_5_i686.manylinux1_i686.manylinux_2_12_i686.manylinux2010_i686.whl", hash = "sha256:956634d62bfbd58fbea5f0bcf81bcf0b6a0bb5cbeba45e1423095afae2fd6a2b"},
    {file = "clickhouse_driver-0.2.3-cp37-cp37m-manylinux_2_5_x86_64.manylinux1_x86_64.manylinux_2_12_x86_64.manylinux2010_x86_64.whl", hash = "sha256:d03f37ce9ea5a7569ad00afb91f26b18e5b192ca1837ef362df87b1a69a8b310"},
    {file = "clickhouse_driver-0.2.3-cp37-cp37m-musllinux_1_1_aarch64.whl", hash = "sha256:b7cf9390c19c5f0eba67ddc9e02c0bfb7184ed878a35f546e9848980e8a256a1"},
    {file = "clickhouse_driver-0.2.3-cp37-cp37m-musllinux_1_1_i686.whl", hash = "sha256:66f5145b21d5058153fd9775d764ff1d4e98d1f5202df66e52c4d9a1333d16ca"},
    {file = "clickhouse_driver-0.2.3-cp37-cp37m-musllinux_1_1_ppc64le.whl", hash = "sha256:56a79709059d46eabeafb970ae5c6e720f5814e8391af7be5f47e5091369dd0a"},
    {file = "clickhouse_driver-0.2.3-cp37-cp37m-musllinux_1_1_s390x.whl", hash = "sha256:95a3c5d8f8a89992786dc8e40816f6ea2a28af447bbbd06aea25ea8165d75435"},
    {file = "clickhouse_driver-0.2.3-cp37-cp37m-musllinux_1_1_x86_64.whl", hash = "sha256:077d1f9a36d80f6d4122980d181c3bf957f786c3adf083ddb783c0065999288e"},
    {file = "clickhouse_driver-0.2.3-cp37-cp37m-win32.whl", hash = "sha256:086aacee7a1b2eb558e55435d1509818cc08098b0b5f1daf4a17c4282d93d890"},
    {file = "clickhouse_driver-0.2.3-cp37-cp37m-win_amd64.whl", hash = "sha256:9ae9535652e308ec6e117d0d01917fe183dda908ff92e32b14f47c7664350aef"},
    {file = "clickhouse_driver-0.2.3-cp38-cp38-macosx_10_9_x86_64.whl", hash = "sha256:47c42830f96fe8574438c06a5c2b057f8f4ae0560685a1db8d53374cce9b021f"},
    {file = "clickhouse_driver-0.2.3-cp38-cp38-manylinux_2_17_aarch64.manylinux2014_aarch64.whl", hash = "sha256:02cf0ebb6371b165bb410144d5bc616dcd9df312239254449777fc15608facc6"},
    {file = "clickhouse_driver-0.2.3-cp38-cp38-manylinux_2_17_ppc64le.manylinux2014_ppc64le.whl", hash = "sha256:f889727c12cda1b4fa736bdf8da2257aaa9a9b93702db87778687aba94c06079"},
    {file = "clickhouse_driver-0.2.3-cp38-cp38-manylinux_2_17_s390x.manylinux2014_s390x.whl", hash = "sha256:0d6075f24ea8dc293d0b0b0630d4ee50f953bd50c2fe20d5e81aa222ec94be7c"},
    {file = "clickhouse_driver-0.2.3-cp38-cp38-manylinux_2_5_i686.manylinux1_i686.manylinux_2_12_i686.manylinux2010_i686.whl", hash = "sha256:c067d9b3516d9123d089c343397e6b8d506959cc0292525822d51872d7e611f0"},
    {file = "clickhouse_driver-0.2.3-cp38-cp38-manylinux_2_5_x86_64.manylinux1_x86_64.manylinux_2_12_x86_64.manylinux2010_x86_64.whl", hash = "sha256:d827ad8ed1b66cd4625fbb36a3210a57af6b8cf501001792ecae4128c736f7b0"},
    {file = "clickhouse_driver-0.2.3-cp38-cp38-musllinux_1_1_aarch64.whl", hash = "sha256:d174450ceb4a20a63cd0ab853006a57d557014fd265ac4c506f91c262380986b"},
    {file = "clickhouse_driver-0.2.3-cp38-cp38-musllinux_1_1_i686.whl", hash = "sha256:007f4e343a41075da2e66bb9b024708341fdf07478fceae75a326c10a3ff2625"},
    {file = "clickhouse_driver-0.2.3-cp38-cp38-musllinux_1_1_ppc64le.whl", hash = "sha256:01aa2d7bba194008f3a5cdc12201eb18461315026801828af9e0c1aa71004c85"},
    {file = "clickhouse_driver-0.2.3-cp38-cp38-musllinux_1_1_s390x.whl", hash = "sha256:f962d4cd0ac36a161f696a7a214ae5f1ae96427f2a9057f3b22ee2b3a034401c"},
    {file = "clickhouse_driver-0.2.3-cp38-cp38-musllinux_1_1_x86_64.whl", hash = "sha256:d625d6c13ff2519a10d46eb46de5bb8f66f4f37446805cdd7969d773df54b303"},
    {file = "clickhouse_driver-0.2.3-cp38-cp38-win32.whl", hash = "sha256:87718fbef63df4f6b9fb10d2ec031b8cc056e884d1a4edc9e31b2069fe19e0f1"},
    {file = "clickhouse_driver-0.2.3-cp38-cp38-win_amd64.whl", hash = "sha256:9753eb3a615501f060566df160cb0f602288c4c076bf16e8f459f40e83300977"},
    {file = "clickhouse_driver-0.2.3-cp39-cp39-macosx_10_9_x86_64.whl", hash = "sha256:9ccd13c7dfa6cf9de24faea73f7a5e5c66daad1100d564f209a83855d46a633f"},
    {file = "clickhouse_driver-0.2.3-cp39-cp39-manylinux_2_17_aarch64.manylinux2014_aarch64.whl", hash = "sha256:6221974d66cb12068ffa2bc065fe54ad1ec70811c02d7adcbde80723fbafad27"},
    {file = "clickhouse_driver-0.2.3-cp39-cp39-manylinux_2_17_ppc64le.manylinux2014_ppc64le.whl", hash = "sha256:10179f5e9f863431a9724cd3400fd74e8cd4b32a1911ea447a811d22b7994810"},
    {file = "clickhouse_driver-0.2.3-cp39-cp39-manylinux_2_17_s390x.manylinux2014_s390x.whl", hash = "sha256:a2608fc680a77e55696bf601b2dbbb9bc6a87c9f95f6a5f4416290b73cfa7725"},
    {file = "clickhouse_driver-0.2.3-cp39-cp39-manylinux_2_5_i686.manylinux1_i686.manylinux_2_12_i686.manylinux2010_i686.whl", hash = "sha256:bbe05f531a8d2f5e6696d4d05360cf4d27a625e9600df85172265ef9c7068ab7"},
    {file = "clickhouse_driver-0.2.3-cp39-cp39-manylinux_2_5_x86_64.manylinux1_x86_64.manylinux_2_12_x86_64.manylinux2010_x86_64.whl", hash = "sha256:e00bc089b81313cb1a2e7a434f174a5e084081eb56fc57c7e26fc65c468ecc95"},
    {file = "clickhouse_driver-0.2.3-cp39-cp39-musllinux_1_1_aarch64.whl", hash = "sha256:7dbc2ccc1b76fcab5559dd99e9e5c9451c8195be610b3581068ac6fbd757dc95"},
    {file = "clickhouse_driver-0.2.3-cp39-cp39-musllinux_1_1_i686.whl", hash = "sha256:f2dcb966009fb3d17d99298bd9f1ed82cb9fd32dfe97a61f2189b9bfb7a1ecc2"},
    {file = "clickhouse_driver-0.2.3-cp39-cp39-musllinux_1_1_ppc64le.whl", hash = "sha256:cf2223b82e99c2dd6d7373816ee41b85eed9f18a2f141389b351ec1357c3ac63"},
    {file = "clickhouse_driver-0.2.3-cp39-cp39-musllinux_1_1_s390x.whl", hash = "sha256:f6e7afe0e38dd1c3dd15a1e2960bf4c90056adaccbe70d03f0b91822c8102af9"},
    {file = "clickhouse_driver-0.2.3-cp39-cp39-musllinux_1_1_x86_64.whl", hash = "sha256:c94b3f8164cec8b4ff4f9ba6abe77057066e682aceec53d06faa4cafd72f2a5c"},
    {file = "clickhouse_driver-0.2.3-cp39-cp39-win32.whl", hash = "sha256:695f39bdf6754e9e9b2e5376313071b204f8ceb5722534ee9803dd5f7c7e249f"},
    {file = "clickhouse_driver-0.2.3-cp39-cp39-win_amd64.whl", hash = "sha256:7f789ed07e5f2c75e8cf95d626b1cd6562a4e3ae84ac5f8fe0de77fc0e02da37"},
    {file = "clickhouse_driver-0.2.3-pp37-pypy37_pp73-macosx_10_9_x86_64.whl", hash = "sha256:9f2a0c70cd09dd14c2e8fab258e02dad78c52b40dcb95e3d675e7edb38b8dd41"},
    {file = "clickhouse_driver-0.2.3-pp37-pypy37_pp73-manylinux_2_17_aarch64.manylinux2014_aarch64.whl", hash = "sha256:93631f87cce3fe398e21351de575e6ef9a95d02ef9aff19b942286f86a742d4e"},
    {file = "clickhouse_driver-0.2.3-pp37-pypy37_pp73-manylinux_2_5_i686.manylinux1_i686.manylinux_2_12_i686.manylinux2010_i686.whl", hash = "sha256:89951808eb2194bd84dff79ea97fd49171415356cd37b4209f6fdcd8930e7219"},
    {file = "clickhouse_driver-0.2.3-pp37-pypy37_pp73-manylinux_2_5_x86_64.manylinux1_x86_64.manylinux_2_12_x86_64.manylinux2010_x86_64.whl", hash = "sha256:a995ebefa0dc945cb67f2516d599cc18f8fa1119a92ad774baffc02d1f4a0506"},
    {file = "clickhouse_driver-0.2.3-pp37-pypy37_pp73-win_amd64.whl", hash = "sha256:89fdde631156fe9b7778a2bdc9e1a58d607190ccaf1ef0aed322e60320647c4f"},
]

[package.dependencies]
pytz = "*"
tzlocal = "*"

[package.extras]
lz4 = ["clickhouse-cityhash (>=1.0.2.1)", "lz4", "lz4 (<=3.0.1)"]
numpy = ["numpy (>=1.12.0)", "pandas (>=0.24.0)"]
zstd = ["clickhouse-cityhash (>=1.0.2.1)", "zstd"]

[[package]]
name = "colorama"
version = "0.4.4"
description = "Cross-platform colored terminal text."
optional = false
python-versions = ">=2.7, !=3.0.*, !=3.1.*, !=3.2.*, !=3.3.*, !=3.4.*"
files = [
    {file = "colorama-0.4.4-py2.py3-none-any.whl", hash = "sha256:9f47eda37229f68eee03b24b9748937c7dc3868f906e8ba69fbcbdd3bc5dc3e2"},
    {file = "colorama-0.4.4.tar.gz", hash = "sha256:5941b2b48a20143d2267e95b1c2a7603ce057ee39fd88e7329b0c292aa16869b"},
]

[[package]]
name = "duckdb"
version = "0.3.1"
description = "DuckDB embedded database"
optional = false
python-versions = "*"
files = [
    {file = "duckdb-0.3.1-cp36-cp36m-macosx_10_9_x86_64.whl", hash = "sha256:71b48e5d98270c56319b2fa51e6e3d7a3ba08e01c9fc7e7e97864c2f678eeb96"},
    {file = "duckdb-0.3.1-cp36-cp36m-win32.whl", hash = "sha256:5784d909d5414276506191e795a931ece366e8b7010dcf3b5fe3b8a93c0236a5"},
    {file = "duckdb-0.3.1-cp36-cp36m-win_amd64.whl", hash = "sha256:b1d5a6dc00371bcc200acb21a76b93f8dcca1c1fb9e4338b374950c15d83d91f"},
    {file = "duckdb-0.3.1-cp37-cp37m-macosx_10_9_x86_64.whl", hash = "sha256:11a85eb943a6637f667a914cc251e8eed246800b8348bf8deb055c0439267a15"},
    {file = "duckdb-0.3.1-cp37-cp37m-manylinux_2_12_i686.manylinux2010_i686.whl", hash = "sha256:7bc5ac122313f3dba951a044c8bf2e6dcf64147c3fbb24a2b78aa21ee8c8fa53"},
    {file = "duckdb-0.3.1-cp37-cp37m-manylinux_2_12_x86_64.manylinux2010_x86_64.whl", hash = "sha256:49574d8d5504002e170bd0e42754bd53d678b871cbd5de51028e9bbc6a338bee"},
    {file = "duckdb-0.3.1-cp37-cp37m-musllinux_1_1_i686.whl", hash = "sha256:2de216dbae8452571be411bc2958d8be527ee11ddbbed33d7a4bf93f5c6abe55"},
    {file = "duckdb-0.3.1-cp37-cp37m-musllinux_1_1_x86_64.whl", hash = "sha256:0394b1c7ab49e600aa3a8e019c33fca562603062eaec5f00e3877f7750a9797e"},
    {file = "duckdb-0.3.1-cp37-cp37m-win32.whl", hash = "sha256:95c17676bebe2866b0addbc1d89cce188ebe6651723aed9b9ec27a2c1c3bd6ee"},
    {file = "duckdb-0.3.1-cp37-cp37m-win_amd64.whl", hash = "sha256:b8fab6f8c7e14c615ee0169e21c1bb0f8bbe5d77d49de2b07e7c832de712e841"},
    {file = "duckdb-0.3.1-cp38-cp38-macosx_10_9_universal2.whl", hash = "sha256:081b6dfe63ebc39d9d4b609ac3320ec0af7425c0ae034e32ccc3425d232ea29b"},
    {file = "duckdb-0.3.1-cp38-cp38-macosx_10_9_x86_64.whl", hash = "sha256:f212138158fa86467d413b375fafa09151650bc382e41dca2894d8d111901b92"},
    {file = "duckdb-0.3.1-cp38-cp38-macosx_11_0_arm64.whl", hash = "sha256:f5da2ff0c0979cd316a59475ef87d81bc858d58e32b1f19db06a9542a78c8e48"},
    {file = "duckdb-0.3.1-cp38-cp38-manylinux_2_12_i686.manylinux2010_i686.whl", hash = "sha256:c1488ab6fc6409c5c306569f19bafc1f32542398bc686e12a425900cbc061f08"},
    {file = "duckdb-0.3.1-cp38-cp38-manylinux_2_12_x86_64.manylinux2010_x86_64.whl", hash = "sha256:8866a5913a1d4562cbd07cdcf05f1c48bbcd2050a61fc171232f8c68ca9b1a55"},
    {file = "duckdb-0.3.1-cp38-cp38-musllinux_1_1_i686.whl", hash = "sha256:ef03e56f40bba5f662042e6b2973eec8ec6dbd80f1ad7dbb8579bb83662b7715"},
    {file = "duckdb-0.3.1-cp38-cp38-musllinux_1_1_x86_64.whl", hash = "sha256:83bc6fd0d62d55319208204d9831fe2bb979b5ef4aaf5bc29209276117c9ef9b"},
    {file = "duckdb-0.3.1-cp38-cp38-win32.whl", hash = "sha256:7bbbded9ce5f13acd84ab01fc6c5082597c914376fdd63d05501f84efe492f60"},
    {file = "duckdb-0.3.1-cp38-cp38-win_amd64.whl", hash = "sha256:37004b04511b314cbda556e917c0f051f820949cb81ce040d065f6beb58c1401"},
    {file = "duckdb-0.3.1-cp39-cp39-macosx_10_9_universal2.whl", hash = "sha256:0dada201ce7dea14c235973be3837f00498d57d63394ca4f02bf072e76974e8d"},
    {file = "duckdb-0.3.1-cp39-cp39-macosx_10_9_x86_64.whl", hash = "sha256:3492dca430f16469c01352c851f528539d9263a4e433c160efd5fde68bebdae6"},
    {file = "duckdb-0.3.1-cp39-cp39-macosx_11_0_arm64.whl", hash = "sha256:f42f4a14e41dae7b6a726b5d5a5b8b05569b3075ad78ad327b6f0e8bf9b6dd6f"},
    {file = "duckdb-0.3.1-cp39-cp39-manylinux_2_12_i686.manylinux2010_i686.whl", hash = "sha256:5c40faf4cbbb9031d47647feb28d30a2ad1c0af7717f800129012406eb7f1b1c"},
    {file = "duckdb-0.3.1-cp39-cp39-manylinux_2_12_x86_64.manylinux2010_x86_64.whl", hash = "sha256:6a1d8f2643003595e8529bdd2f2717969ccf4eba5716fb31255703d453ed436b"},
    {file = "duckdb-0.3.1-cp39-cp39-musllinux_1_1_i686.whl", hash = "sha256:462ec26e810b0630dc7e2a21c72c40877e4360935526f2c48fa8ea36fc6333d9"},
    {file = "duckdb-0.3.1-cp39-cp39-musllinux_1_1_x86_64.whl", hash = "sha256:3098a4cbc1199104bcabd1a05e636976759eeb4c431fdadc784efd9a887c072a"},
    {file = "duckdb-0.3.1-cp39-cp39-win32.whl", hash = "sha256:43303b8240f4a165c9384c38aa8367b50d0bc863de63adaa580d1dd98af7ed07"},
    {file = "duckdb-0.3.1-cp39-cp39-win_amd64.whl", hash = "sha256:3ec18c8729a5fd2327557ebae4630560297316ebfe9f4845d7584990e56be818"},
    {file = "duckdb-0.3.1.tar.gz", hash = "sha256:faace845653e4739444941209f98df9a835bfb841998e263d584f71a69659eab"},
]

[package.dependencies]
numpy = ">=1.14"

[[package]]
name = "flake8"
version = "4.0.1"
description = "the modular source code checker: pep8 pyflakes and co"
optional = false
python-versions = ">=3.6"
files = [
    {file = "flake8-4.0.1-py2.py3-none-any.whl", hash = "sha256:479b1304f72536a55948cb40a32dce8bb0ffe3501e26eaf292c7e60eb5e0428d"},
    {file = "flake8-4.0.1.tar.gz", hash = "sha256:806e034dda44114815e23c16ef92f95c91e4c71100ff52813adf7132a6ad870d"},
]

[package.dependencies]
mccabe = ">=0.6.0,<0.7.0"
pycodestyle = ">=2.8.0,<2.9.0"
pyflakes = ">=2.4.0,<2.5.0"

[[package]]
name = "greenlet"
version = "1.1.2"
description = "Lightweight in-process concurrent programming"
optional = false
python-versions = ">=2.7,!=3.0.*,!=3.1.*,!=3.2.*,!=3.3.*,!=3.4.*"
files = [
    {file = "greenlet-1.1.2-cp27-cp27m-macosx_10_14_x86_64.whl", hash = "sha256:58df5c2a0e293bf665a51f8a100d3e9956febfbf1d9aaf8c0677cf70218910c6"},
    {file = "greenlet-1.1.2-cp27-cp27m-manylinux1_x86_64.whl", hash = "sha256:aec52725173bd3a7b56fe91bc56eccb26fbdff1386ef123abb63c84c5b43b63a"},
    {file = "greenlet-1.1.2-cp27-cp27m-manylinux2010_x86_64.whl", hash = "sha256:833e1551925ed51e6b44c800e71e77dacd7e49181fdc9ac9a0bf3714d515785d"},
    {file = "greenlet-1.1.2-cp27-cp27m-win32.whl", hash = "sha256:aa5b467f15e78b82257319aebc78dd2915e4c1436c3c0d1ad6f53e47ba6e2713"},
    {file = "greenlet-1.1.2-cp27-cp27m-win_amd64.whl", hash = "sha256:40b951f601af999a8bf2ce8c71e8aaa4e8c6f78ff8afae7b808aae2dc50d4c40"},
    {file = "greenlet-1.1.2-cp27-cp27mu-manylinux1_x86_64.whl", hash = "sha256:95e69877983ea39b7303570fa6760f81a3eec23d0e3ab2021b7144b94d06202d"},
    {file = "greenlet-1.1.2-cp27-cp27mu-manylinux2010_x86_64.whl", hash = "sha256:356b3576ad078c89a6107caa9c50cc14e98e3a6c4874a37c3e0273e4baf33de8"},
    {file = "greenlet-1.1.2-cp310-cp310-macosx_10_14_x86_64.whl", hash = "sha256:8639cadfda96737427330a094476d4c7a56ac03de7265622fcf4cfe57c8ae18d"},
    {file = "greenlet-1.1.2-cp310-cp310-manylinux_2_17_aarch64.manylinux2014_aarch64.whl", hash = "sha256:97e5306482182170ade15c4b0d8386ded995a07d7cc2ca8f27958d34d6736497"},
    {file = "greenlet-1.1.2-cp310-cp310-manylinux_2_17_ppc64le.manylinux2014_ppc64le.whl", hash = "sha256:e6a36bb9474218c7a5b27ae476035497a6990e21d04c279884eb10d9b290f1b1"},
    {file = "greenlet-1.1.2-cp310-cp310-manylinux_2_17_x86_64.manylinux2014_x86_64.whl", hash = "sha256:abb7a75ed8b968f3061327c433a0fbd17b729947b400747c334a9c29a9af6c58"},
    {file = "greenlet-1.1.2-cp310-cp310-musllinux_1_1_x86_64.whl", hash = "sha256:b336501a05e13b616ef81ce329c0e09ac5ed8c732d9ba7e3e983fcc1a9e86965"},
    {file = "greenlet-1.1.2-cp310-cp310-win_amd64.whl", hash = "sha256:14d4f3cd4e8b524ae9b8aa567858beed70c392fdec26dbdb0a8a418392e71708"},
    {file = "greenlet-1.1.2-cp35-cp35m-macosx_10_14_x86_64.whl", hash = "sha256:17ff94e7a83aa8671a25bf5b59326ec26da379ace2ebc4411d690d80a7fbcf23"},
    {file = "greenlet-1.1.2-cp35-cp35m-manylinux1_x86_64.whl", hash = "sha256:9f3cba480d3deb69f6ee2c1825060177a22c7826431458c697df88e6aeb3caee"},
    {file = "greenlet-1.1.2-cp35-cp35m-manylinux2010_x86_64.whl", hash = "sha256:fa877ca7f6b48054f847b61d6fa7bed5cebb663ebc55e018fda12db09dcc664c"},
    {file = "greenlet-1.1.2-cp35-cp35m-win32.whl", hash = "sha256:7cbd7574ce8e138bda9df4efc6bf2ab8572c9aff640d8ecfece1b006b68da963"},
    {file = "greenlet-1.1.2-cp35-cp35m-win_amd64.whl", hash = "sha256:903bbd302a2378f984aef528f76d4c9b1748f318fe1294961c072bdc7f2ffa3e"},
    {file = "greenlet-1.1.2-cp36-cp36m-macosx_10_14_x86_64.whl", hash = "sha256:049fe7579230e44daef03a259faa24511d10ebfa44f69411d99e6a184fe68073"},
    {file = "greenlet-1.1.2-cp36-cp36m-manylinux1_x86_64.whl", hash = "sha256:dd0b1e9e891f69e7675ba5c92e28b90eaa045f6ab134ffe70b52e948aa175b3c"},
    {file = "greenlet-1.1.2-cp36-cp36m-manylinux2010_x86_64.whl", hash = "sha256:7418b6bfc7fe3331541b84bb2141c9baf1ec7132a7ecd9f375912eca810e714e"},
    {file = "greenlet-1.1.2-cp36-cp36m-manylinux_2_17_aarch64.manylinux2014_aarch64.whl", hash = "sha256:f9d29ca8a77117315101425ec7ec2a47a22ccf59f5593378fc4077ac5b754fce"},
    {file = "greenlet-1.1.2-cp36-cp36m-manylinux_2_17_ppc64le.manylinux2014_ppc64le.whl", hash = "sha256:21915eb821a6b3d9d8eefdaf57d6c345b970ad722f856cd71739493ce003ad08"},
    {file = "greenlet-1.1.2-cp36-cp36m-manylinux_2_17_x86_64.manylinux2014_x86_64.whl", hash = "sha256:eff9d20417ff9dcb0d25e2defc2574d10b491bf2e693b4e491914738b7908168"},
    {file = "greenlet-1.1.2-cp36-cp36m-musllinux_1_1_x86_64.whl", hash = "sha256:b8c008de9d0daba7b6666aa5bbfdc23dcd78cafc33997c9b7741ff6353bafb7f"},
    {file = "greenlet-1.1.2-cp36-cp36m-win32.whl", hash = "sha256:32ca72bbc673adbcfecb935bb3fb1b74e663d10a4b241aaa2f5a75fe1d1f90aa"},
    {file = "greenlet-1.1.2-cp36-cp36m-win_amd64.whl", hash = "sha256:f0214eb2a23b85528310dad848ad2ac58e735612929c8072f6093f3585fd342d"},
    {file = "greenlet-1.1.2-cp37-cp37m-macosx_10_14_x86_64.whl", hash = "sha256:b92e29e58bef6d9cfd340c72b04d74c4b4e9f70c9fa7c78b674d1fec18896dc4"},
    {file = "greenlet-1.1.2-cp37-cp37m-manylinux1_x86_64.whl", hash = "sha256:fdcec0b8399108577ec290f55551d926d9a1fa6cad45882093a7a07ac5ec147b"},
    {file = "greenlet-1.1.2-cp37-cp37m-manylinux2010_x86_64.whl", hash = "sha256:93f81b134a165cc17123626ab8da2e30c0455441d4ab5576eed73a64c025b25c"},
    {file = "greenlet-1.1.2-cp37-cp37m-manylinux_2_17_aarch64.manylinux2014_aarch64.whl", hash = "sha256:1e12bdc622676ce47ae9abbf455c189e442afdde8818d9da983085df6312e7a1"},
    {file = "greenlet-1.1.2-cp37-cp37m-manylinux_2_17_ppc64le.manylinux2014_ppc64le.whl", hash = "sha256:8c790abda465726cfb8bb08bd4ca9a5d0a7bd77c7ac1ca1b839ad823b948ea28"},
    {file = "greenlet-1.1.2-cp37-cp37m-manylinux_2_17_x86_64.manylinux2014_x86_64.whl", hash = "sha256:f276df9830dba7a333544bd41070e8175762a7ac20350786b322b714b0e654f5"},
    {file = "greenlet-1.1.2-cp37-cp37m-musllinux_1_1_x86_64.whl", hash = "sha256:8c5d5b35f789a030ebb95bff352f1d27a93d81069f2adb3182d99882e095cefe"},
    {file = "greenlet-1.1.2-cp37-cp37m-win32.whl", hash = "sha256:64e6175c2e53195278d7388c454e0b30997573f3f4bd63697f88d855f7a6a1fc"},
    {file = "greenlet-1.1.2-cp37-cp37m-win_amd64.whl", hash = "sha256:b11548073a2213d950c3f671aa88e6f83cda6e2fb97a8b6317b1b5b33d850e06"},
    {file = "greenlet-1.1.2-cp38-cp38-macosx_10_14_x86_64.whl", hash = "sha256:9633b3034d3d901f0a46b7939f8c4d64427dfba6bbc5a36b1a67364cf148a1b0"},
    {file = "greenlet-1.1.2-cp38-cp38-manylinux1_x86_64.whl", hash = "sha256:eb6ea6da4c787111adf40f697b4e58732ee0942b5d3bd8f435277643329ba627"},
    {file = "greenlet-1.1.2-cp38-cp38-manylinux2010_x86_64.whl", hash = "sha256:f3acda1924472472ddd60c29e5b9db0cec629fbe3c5c5accb74d6d6d14773478"},
    {file = "greenlet-1.1.2-cp38-cp38-manylinux_2_17_aarch64.manylinux2014_aarch64.whl", hash = "sha256:e859fcb4cbe93504ea18008d1df98dee4f7766db66c435e4882ab35cf70cac43"},
    {file = "greenlet-1.1.2-cp38-cp38-manylinux_2_17_ppc64le.manylinux2014_ppc64le.whl", hash = "sha256:00e44c8afdbe5467e4f7b5851be223be68adb4272f44696ee71fe46b7036a711"},
    {file = "greenlet-1.1.2-cp38-cp38-manylinux_2_17_x86_64.manylinux2014_x86_64.whl", hash = "sha256:ec8c433b3ab0419100bd45b47c9c8551248a5aee30ca5e9d399a0b57ac04651b"},
    {file = "greenlet-1.1.2-cp38-cp38-musllinux_1_1_x86_64.whl", hash = "sha256:2bde6792f313f4e918caabc46532aa64aa27a0db05d75b20edfc5c6f46479de2"},
    {file = "greenlet-1.1.2-cp38-cp38-win32.whl", hash = "sha256:288c6a76705dc54fba69fbcb59904ae4ad768b4c768839b8ca5fdadec6dd8cfd"},
    {file = "greenlet-1.1.2-cp38-cp38-win_amd64.whl", hash = "sha256:8d2f1fb53a421b410751887eb4ff21386d119ef9cde3797bf5e7ed49fb51a3b3"},
    {file = "greenlet-1.1.2-cp39-cp39-macosx_10_14_x86_64.whl", hash = "sha256:166eac03e48784a6a6e0e5f041cfebb1ab400b394db188c48b3a84737f505b67"},
    {file = "greenlet-1.1.2-cp39-cp39-manylinux1_x86_64.whl", hash = "sha256:572e1787d1460da79590bf44304abbc0a2da944ea64ec549188fa84d89bba7ab"},
    {file = "greenlet-1.1.2-cp39-cp39-manylinux2010_x86_64.whl", hash = "sha256:be5f425ff1f5f4b3c1e33ad64ab994eed12fc284a6ea71c5243fd564502ecbe5"},
    {file = "greenlet-1.1.2-cp39-cp39-manylinux_2_17_aarch64.manylinux2014_aarch64.whl", hash = "sha256:b1692f7d6bc45e3200844be0dba153612103db241691088626a33ff1f24a0d88"},
    {file = "greenlet-1.1.2-cp39-cp39-manylinux_2_17_ppc64le.manylinux2014_ppc64le.whl", hash = "sha256:7227b47e73dedaa513cdebb98469705ef0d66eb5a1250144468e9c3097d6b59b"},
    {file = "greenlet-1.1.2-cp39-cp39-manylinux_2_17_x86_64.manylinux2014_x86_64.whl", hash = "sha256:7ff61ff178250f9bb3cd89752df0f1dd0e27316a8bd1465351652b1b4a4cdfd3"},
    {file = "greenlet-1.1.2-cp39-cp39-musllinux_1_1_x86_64.whl", hash = "sha256:0051c6f1f27cb756ffc0ffbac7d2cd48cb0362ac1736871399a739b2885134d3"},
    {file = "greenlet-1.1.2-cp39-cp39-win32.whl", hash = "sha256:f70a9e237bb792c7cc7e44c531fd48f5897961701cdaa06cf22fc14965c496cf"},
    {file = "greenlet-1.1.2-cp39-cp39-win_amd64.whl", hash = "sha256:013d61294b6cd8fe3242932c1c5e36e5d1db2c8afb58606c5a67efce62c1f5fd"},
    {file = "greenlet-1.1.2.tar.gz", hash = "sha256:e30f5ea4ae2346e62cedde8794a56858a67b878dd79f7df76a0767e356b1744a"},
]

[package.extras]
docs = ["Sphinx"]

[[package]]
name = "idna"
version = "3.3"
description = "Internationalized Domain Names in Applications (IDNA)"
optional = false
python-versions = ">=3.5"
files = [
    {file = "idna-3.3-py3-none-any.whl", hash = "sha256:84d9dd047ffa80596e0f246e2eab0b391788b0503584e8945f2368256d2735ff"},
    {file = "idna-3.3.tar.gz", hash = "sha256:9d643ff0a55b762d5cdb124b8eaa99c66322e2157b69160bc32796e824360e6d"},
]

[[package]]
name = "mccabe"
version = "0.6.1"
description = "McCabe checker, plugin for flake8"
optional = false
python-versions = "*"
files = [
    {file = "mccabe-0.6.1-py2.py3-none-any.whl", hash = "sha256:ab8a6258860da4b6677da4bd2fe5dc2c659cff31b3ee4f7f5d64e79735b80d42"},
    {file = "mccabe-0.6.1.tar.gz", hash = "sha256:dd8d182285a0fe56bace7f45b5e7d1a6ebcbf524e8f3bd87eb0f125271b8831f"},
]

[[package]]
name = "mypy-extensions"
version = "0.4.3"
description = "Experimental type system extensions for programs checked with the mypy typechecker."
optional = false
python-versions = "*"
files = [
    {file = "mypy_extensions-0.4.3-py2.py3-none-any.whl", hash = "sha256:090fedd75945a69ae91ce1303b5824f428daf5a028d2f6ab8a299250a846f15d"},
    {file = "mypy_extensions-0.4.3.tar.gz", hash = "sha256:2d82818f5bb3e369420cb3c4060a7970edba416647068eb4c5343488a6c604a8"},
]

[[package]]
name = "numpy"
version = "1.22.0"
description = "NumPy is the fundamental package for array computing with Python."
optional = false
python-versions = ">=3.8"
files = [
    {file = "numpy-1.22.0-cp310-cp310-macosx_10_9_universal2.whl", hash = "sha256:3d22662b4b10112c545c91a0741f2436f8ca979ab3d69d03d19322aa970f9695"},
    {file = "numpy-1.22.0-cp310-cp310-macosx_10_9_x86_64.whl", hash = "sha256:11a1f3816ea82eed4178102c56281782690ab5993251fdfd75039aad4d20385f"},
    {file = "numpy-1.22.0-cp310-cp310-macosx_11_0_arm64.whl", hash = "sha256:5dc65644f75a4c2970f21394ad8bea1a844104f0fe01f278631be1c7eae27226"},
    {file = "numpy-1.22.0-cp310-cp310-manylinux_2_17_aarch64.manylinux2014_aarch64.whl", hash = "sha256:42c16cec1c8cf2728f1d539bd55aaa9d6bb48a7de2f41eb944697293ef65a559"},
    {file = "numpy-1.22.0-cp310-cp310-manylinux_2_17_x86_64.manylinux2014_x86_64.whl", hash = "sha256:a97e82c39d9856fe7d4f9b86d8a1e66eff99cf3a8b7ba48202f659703d27c46f"},
    {file = "numpy-1.22.0-cp310-cp310-win_amd64.whl", hash = "sha256:e41e8951749c4b5c9a2dc5fdbc1a4eec6ab2a140fdae9b460b0f557eed870f4d"},
    {file = "numpy-1.22.0-cp38-cp38-macosx_10_9_universal2.whl", hash = "sha256:bece0a4a49e60e472a6d1f70ac6cdea00f9ab80ff01132f96bd970cdd8a9e5a9"},
    {file = "numpy-1.22.0-cp38-cp38-macosx_10_9_x86_64.whl", hash = "sha256:818b9be7900e8dc23e013a92779135623476f44a0de58b40c32a15368c01d471"},
    {file = "numpy-1.22.0-cp38-cp38-macosx_11_0_arm64.whl", hash = "sha256:47ee7a839f5885bc0c63a74aabb91f6f40d7d7b639253768c4199b37aede7982"},
    {file = "numpy-1.22.0-cp38-cp38-manylinux_2_17_aarch64.manylinux2014_aarch64.whl", hash = "sha256:a024181d7aef0004d76fb3bce2a4c9f2e67a609a9e2a6ff2571d30e9976aa383"},
    {file = "numpy-1.22.0-cp38-cp38-manylinux_2_17_x86_64.manylinux2014_x86_64.whl", hash = "sha256:f71d57cc8645f14816ae249407d309be250ad8de93ef61d9709b45a0ddf4050c"},
    {file = "numpy-1.22.0-cp38-cp38-win32.whl", hash = "sha256:283d9de87c0133ef98f93dfc09fad3fb382f2a15580de75c02b5bb36a5a159a5"},
    {file = "numpy-1.22.0-cp38-cp38-win_amd64.whl", hash = "sha256:2762331de395739c91f1abb88041f94a080cb1143aeec791b3b223976228af3f"},
    {file = "numpy-1.22.0-cp39-cp39-macosx_10_9_universal2.whl", hash = "sha256:76ba7c40e80f9dc815c5e896330700fd6e20814e69da9c1267d65a4d051080f1"},
    {file = "numpy-1.22.0-cp39-cp39-macosx_10_9_x86_64.whl", hash = "sha256:0cfe07133fd00b27edee5e6385e333e9eeb010607e8a46e1cd673f05f8596595"},
    {file = "numpy-1.22.0-cp39-cp39-macosx_11_0_arm64.whl", hash = "sha256:6ed0d073a9c54ac40c41a9c2d53fcc3d4d4ed607670b9e7b0de1ba13b4cbfe6f"},
    {file = "numpy-1.22.0-cp39-cp39-manylinux_2_17_aarch64.manylinux2014_aarch64.whl", hash = "sha256:41388e32e40b41dd56eb37fcaa7488b2b47b0adf77c66154d6b89622c110dfe9"},
    {file = "numpy-1.22.0-cp39-cp39-manylinux_2_17_x86_64.manylinux2014_x86_64.whl", hash = "sha256:b55b953a1bdb465f4dc181758570d321db4ac23005f90ffd2b434cc6609a63dd"},
    {file = "numpy-1.22.0-cp39-cp39-win32.whl", hash = "sha256:5a311ee4d983c487a0ab546708edbdd759393a3dc9cd30305170149fedd23c88"},
    {file = "numpy-1.22.0-cp39-cp39-win_amd64.whl", hash = "sha256:a97a954a8c2f046d3817c2bce16e3c7e9a9c2afffaf0400f5c16df5172a67c9c"},
    {file = "numpy-1.22.0-pp38-pypy38_pp73-manylinux_2_17_x86_64.manylinux2014_x86_64.whl", hash = "sha256:bb02929b0d6bfab4c48a79bd805bd7419114606947ec8284476167415171f55b"},
    {file = "numpy-1.22.0.zip", hash = "sha256:a955e4128ac36797aaffd49ab44ec74a71c11d6938df83b1285492d277db5397"},
]

[[package]]
name = "pathspec"
version = "0.9.0"
description = "Utility library for gitignore style pattern matching of file paths."
optional = false
python-versions = "!=3.0.*,!=3.1.*,!=3.2.*,!=3.3.*,!=3.4.*,>=2.7"
files = [
    {file = "pathspec-0.9.0-py2.py3-none-any.whl", hash = "sha256:7d15c4ddb0b5c802d161efc417ec1a2558ea2653c2e8ad9c19098201dc1c993a"},
    {file = "pathspec-0.9.0.tar.gz", hash = "sha256:e564499435a2673d586f6b2130bb5b95f04a3ba06f81b8f895b651a3c76aabb1"},
]

[[package]]
name = "platformdirs"
version = "2.4.0"
description = "A small Python module for determining appropriate platform-specific dirs, e.g. a \"user data dir\"."
optional = false
python-versions = ">=3.6"
files = [
    {file = "platformdirs-2.4.0-py3-none-any.whl", hash = "sha256:8868bbe3c3c80d42f20156f22e7131d2fb321f5bc86a2a345375c6481a67021d"},
    {file = "platformdirs-2.4.0.tar.gz", hash = "sha256:367a5e80b3d04d2428ffa76d33f124cf11e8fff2acdaa9b43d545f5c7d661ef2"},
]

[package.extras]
docs = ["Sphinx (>=4)", "furo (>=2021.7.5b38)", "proselint (>=0.10.2)", "sphinx-autodoc-typehints (>=1.12)"]
test = ["appdirs (==1.4.4)", "pytest (>=6)", "pytest-cov (>=2.7)", "pytest-mock (>=3.6)"]

[[package]]
name = "pycodestyle"
version = "2.8.0"
description = "Python style guide checker"
optional = false
python-versions = ">=2.7, !=3.0.*, !=3.1.*, !=3.2.*, !=3.3.*, !=3.4.*"
files = [
    {file = "pycodestyle-2.8.0-py2.py3-none-any.whl", hash = "sha256:720f8b39dde8b293825e7ff02c475f3077124006db4f440dcbc9a20b76548a20"},
    {file = "pycodestyle-2.8.0.tar.gz", hash = "sha256:eddd5847ef438ea1c7870ca7eb78a9d47ce0cdb4851a5523949f2601d0cbbe7f"},
]

[[package]]
name = "pyflakes"
version = "2.4.0"
description = "passive checker of Python programs"
optional = false
python-versions = ">=2.7, !=3.0.*, !=3.1.*, !=3.2.*, !=3.3.*"
files = [
    {file = "pyflakes-2.4.0-py2.py3-none-any.whl", hash = "sha256:3bb3a3f256f4b7968c9c788781e4ff07dce46bdf12339dcda61053375426ee2e"},
    {file = "pyflakes-2.4.0.tar.gz", hash = "sha256:05a85c2872edf37a4ed30b0cce2f6093e1d0581f8c19d7393122da7e25b2b24c"},
]

[[package]]
name = "python-dateutil"
version = "2.8.2"
description = "Extensions to the standard Python datetime module"
optional = false
python-versions = "!=3.0.*,!=3.1.*,!=3.2.*,>=2.7"
files = [
    {file = "python-dateutil-2.8.2.tar.gz", hash = "sha256:0123cacc1627ae19ddf3c27a5de5bd67ee4586fbdd6440d9748f8abb483d3e86"},
    {file = "python_dateutil-2.8.2-py2.py3-none-any.whl", hash = "sha256:961d03dc3453ebbc59dbdea9e4e11c5651520a876d0f4db161e8674aae935da9"},
]

[package.dependencies]
six = ">=1.5"

[[package]]
name = "pytz"
version = "2021.3"
description = "World timezone definitions, modern and historical"
optional = false
python-versions = "*"
files = [
    {file = "pytz-2021.3-py2.py3-none-any.whl", hash = "sha256:3672058bc3453457b622aab7a1c3bfd5ab0bdae451512f6cf25f64ed37f5b87c"},
    {file = "pytz-2021.3.tar.gz", hash = "sha256:acad2d8b20a1af07d4e4c9d2e9285c5ed9104354062f275f3fcd88dcef4f1326"},
]

[[package]]
name = "pytz-deprecation-shim"
version = "0.1.0.post0"
description = "Shims to make deprecation of pytz easier"
optional = false
python-versions = "!=3.0.*,!=3.1.*,!=3.2.*,!=3.3.*,!=3.4.*,!=3.5.*,>=2.7"
files = [
    {file = "pytz_deprecation_shim-0.1.0.post0-py2.py3-none-any.whl", hash = "sha256:8314c9692a636c8eb3bda879b9f119e350e93223ae83e70e80c31675a0fdc1a6"},
    {file = "pytz_deprecation_shim-0.1.0.post0.tar.gz", hash = "sha256:af097bae1b616dde5c5744441e2ddc69e74dfdcb0c263129610d85b87445a59d"},
]

[package.dependencies]
tzdata = {version = "*", markers = "python_version >= \"3.6\""}

[[package]]
name = "requests"
version = "2.27.1"
description = "Python HTTP for Humans."
optional = false
python-versions = ">=2.7, !=3.0.*, !=3.1.*, !=3.2.*, !=3.3.*, !=3.4.*, !=3.5.*"
files = [
    {file = "requests-2.27.1-py2.py3-none-any.whl", hash = "sha256:f22fa1e554c9ddfd16e6e41ac79759e17be9e492b3587efa038054674760e72d"},
    {file = "requests-2.27.1.tar.gz", hash = "sha256:68d7c56fd5a8999887728ef304a6d12edc7be74f1cfa47714fc8b414525c9a61"},
]

[package.dependencies]
certifi = ">=2017.4.17"
charset-normalizer = {version = ">=2.0.0,<2.1.0", markers = "python_version >= \"3\""}
idna = {version = ">=2.5,<4", markers = "python_version >= \"3\""}
urllib3 = ">=1.21.1,<1.27"

[package.extras]
socks = ["PySocks (>=1.5.6,!=1.5.7)", "win-inet-pton"]
use-chardet-on-py3 = ["chardet (>=3.0.2,<5)"]

[[package]]
name = "six"
version = "1.16.0"
description = "Python 2 and 3 compatibility utilities"
optional = false
python-versions = ">=2.7, !=3.0.*, !=3.1.*, !=3.2.*"
files = [
    {file = "six-1.16.0-py2.py3-none-any.whl", hash = "sha256:8abb2f1d86890a2dfb989f9a77cfcfd3e47c2a354b01111771326f8aa26e0254"},
    {file = "six-1.16.0.tar.gz", hash = "sha256:1e61c37477a1626458e36f7b1d82aa5c9b094fa4802892072e49de9c60c4c926"},
]

[[package]]
name = "sqlalchemy"
version = "1.4.28"
description = "Database Abstraction Library"
optional = false
python-versions = "!=3.0.*,!=3.1.*,!=3.2.*,!=3.3.*,!=3.4.*,!=3.5.*,>=2.7"
files = [
    {file = "SQLAlchemy-1.4.28-cp27-cp27m-macosx_10_14_x86_64.whl", hash = "sha256:e659f256b7d402338563913bdeba53bf1eadd4c09e6f6dc93cc47938f7962a8f"},
    {file = "SQLAlchemy-1.4.28-cp27-cp27m-manylinux_2_5_x86_64.manylinux1_x86_64.whl", hash = "sha256:38df997ffa9007e953ad574f2263f61b9b683fd63ae397480ea4960be9bda0fd"},
    {file = "SQLAlchemy-1.4.28-cp27-cp27m-win_amd64.whl", hash = "sha256:6dd6fa51cf08d9433d28802228d2204e175324f1a284c4492e4af2dd36a2d485"},
    {file = "SQLAlchemy-1.4.28-cp27-cp27mu-manylinux_2_5_x86_64.manylinux1_x86_64.whl", hash = "sha256:bb2d8530b7cc94b7fd9341843c3e49b6db48ea22313a8db9df21c41615b5e7b1"},
    {file = "SQLAlchemy-1.4.28-cp310-cp310-macosx_10_14_x86_64.whl", hash = "sha256:3b64f5d1c1d0e5f2ed4aa66f2b65ff6bdcdf4c5cc83b71c4bbf69695b09e9e19"},
    {file = "SQLAlchemy-1.4.28-cp310-cp310-manylinux_2_17_aarch64.manylinux2014_aarch64.whl", hash = "sha256:f25c02991e22ddce134ef1093ef5a9d5de448fc87b91432e4f879826e93cd1c7"},
    {file = "SQLAlchemy-1.4.28-cp310-cp310-manylinux_2_5_x86_64.manylinux1_x86_64.manylinux_2_12_x86_64.manylinux2010_x86_64.whl", hash = "sha256:387365c157e96eceacdd6c5468815ad05a523ba778680de4c8139a029e1fe044"},
    {file = "SQLAlchemy-1.4.28-cp310-cp310-manylinux_2_5_x86_64.manylinux1_x86_64.manylinux_2_17_x86_64.manylinux2014_x86_64.whl", hash = "sha256:5639800f1cfe751569af2242041b30a08a6c0b9e5d95ed674ec8082d381eff13"},
    {file = "SQLAlchemy-1.4.28-cp310-cp310-win32.whl", hash = "sha256:261fcb3ff8c59e17ec44f9e61713a44ceaa97ae816da978d5cd1dc2c36f32478"},
    {file = "SQLAlchemy-1.4.28-cp310-cp310-win_amd64.whl", hash = "sha256:29d10796e5604ab7bc067eda7231a2d2411a51eda43082673641245a49d1c4bb"},
    {file = "SQLAlchemy-1.4.28-cp36-cp36m-macosx_10_14_x86_64.whl", hash = "sha256:4490b10f83cd56ca2cdcd94b140d89911ac331e42a727b79157963b1b04fdd0c"},
    {file = "SQLAlchemy-1.4.28-cp36-cp36m-manylinux_2_17_aarch64.manylinux2014_aarch64.whl", hash = "sha256:83ee7f6fa5faed23996c67044376d46815f65183ad6d744d94d68b18cdef060b"},
    {file = "SQLAlchemy-1.4.28-cp36-cp36m-manylinux_2_5_x86_64.manylinux1_x86_64.manylinux_2_12_x86_64.manylinux2010_x86_64.whl", hash = "sha256:f667a947378bcb12a371ab38bed1b708f3a682d1ba30176422652082919285a2"},
    {file = "SQLAlchemy-1.4.28-cp36-cp36m-manylinux_2_5_x86_64.manylinux1_x86_64.manylinux_2_17_x86_64.manylinux2014_x86_64.whl", hash = "sha256:61965abc63c8b54038574698888e91a126753a4bdc0ec001397acb14501834e0"},
    {file = "SQLAlchemy-1.4.28-cp36-cp36m-win32.whl", hash = "sha256:41a02030f8934b0de843341e7014192a0c16ee2726a06da154c81153fbe56b33"},
    {file = "SQLAlchemy-1.4.28-cp36-cp36m-win_amd64.whl", hash = "sha256:c3497cd63c5f90112b8882ea4dd694052166f779ce9055cd5c4305e0b76d72d9"},
    {file = "SQLAlchemy-1.4.28-cp37-cp37m-macosx_10_14_x86_64.whl", hash = "sha256:5d91dce14ac3347bce301062ca825e7fb7e15c133f3909f15989e94878b1082f"},
    {file = "SQLAlchemy-1.4.28-cp37-cp37m-manylinux_2_17_aarch64.manylinux2014_aarch64.whl", hash = "sha256:08e39d65b38d4c3f77c4c9bf090b0ba4ec5721a6e0a74b63d2a9781cdcacf142"},
    {file = "SQLAlchemy-1.4.28-cp37-cp37m-manylinux_2_5_x86_64.manylinux1_x86_64.manylinux_2_12_x86_64.manylinux2010_x86_64.whl", hash = "sha256:c85ead1d17acc5e8b282c578394dba253728bcbcbeb66e4ef0e25f4bab53935a"},
    {file = "SQLAlchemy-1.4.28-cp37-cp37m-manylinux_2_5_x86_64.manylinux1_x86_64.manylinux_2_17_x86_64.manylinux2014_x86_64.whl", hash = "sha256:daddcd6ba1706cc5fcc9cfaa913aa4bf331172dc7efd385fe3ee1feae3b513bc"},
    {file = "SQLAlchemy-1.4.28-cp37-cp37m-win32.whl", hash = "sha256:ce4f2b34378561bc2e42635888fe86efe13d104ba1d95b5ca67b4d60d8e53e67"},
    {file = "SQLAlchemy-1.4.28-cp37-cp37m-win_amd64.whl", hash = "sha256:4999b03daa6c9afb9a0bf9e3b8769128ef1880557dacfca86fa7562920c49f6b"},
    {file = "SQLAlchemy-1.4.28-cp38-cp38-macosx_10_14_x86_64.whl", hash = "sha256:dd041324328cece3ccdf70cfbd71b5ab968e564a22318ffd88b054f5eadeb9be"},
    {file = "SQLAlchemy-1.4.28-cp38-cp38-manylinux_2_17_aarch64.manylinux2014_aarch64.whl", hash = "sha256:bf2c1d64c4ee0f30e08e1844ff0acf3c1b6c4277c0e89ec3e8bf1722d245b108"},
    {file = "SQLAlchemy-1.4.28-cp38-cp38-manylinux_2_5_x86_64.manylinux1_x86_64.manylinux_2_12_x86_64.manylinux2010_x86_64.whl", hash = "sha256:525e962af8f25fc24ce019e6f237d49f8720d757a8a56c9b4caa2d91e2c66111"},
    {file = "SQLAlchemy-1.4.28-cp38-cp38-manylinux_2_5_x86_64.manylinux1_x86_64.manylinux_2_17_x86_64.manylinux2014_x86_64.whl", hash = "sha256:b72744fed32ecf2bf786d2e2f6756c04126c323ba939f47177b9722775626889"},
    {file = "SQLAlchemy-1.4.28-cp38-cp38-win32.whl", hash = "sha256:b5541355b8d4970753d4f7292f73a320704b20406e06cd29b469d156f0a484d8"},
    {file = "SQLAlchemy-1.4.28-cp38-cp38-win_amd64.whl", hash = "sha256:cf3a3c2f32d53a4166b2eb8de35f93bcb640e51c32033024af500017d8e8a8c9"},
    {file = "SQLAlchemy-1.4.28-cp39-cp39-macosx_10_14_x86_64.whl", hash = "sha256:dfa093bd8ecfceafff62078910178567323005e44fbe4d7933e6cbce4512cea2"},
    {file = "SQLAlchemy-1.4.28-cp39-cp39-manylinux_2_17_aarch64.manylinux2014_aarch64.whl", hash = "sha256:555d56b71f61b4c9fa55fe203fe6e1e561c9385fa97c5849783ae050a89113af"},
    {file = "SQLAlchemy-1.4.28-cp39-cp39-manylinux_2_5_x86_64.manylinux1_x86_64.manylinux_2_12_x86_64.manylinux2010_x86_64.whl", hash = "sha256:c90b21360cf14d33c8a004f991aa336c7906a8db825d4ec38722c5ff1c47dada"},
    {file = "SQLAlchemy-1.4.28-cp39-cp39-manylinux_2_5_x86_64.manylinux1_x86_64.manylinux_2_17_x86_64.manylinux2014_x86_64.whl", hash = "sha256:2019b332cf4f9a513133fdf056dc4cecec7fbae7016ebc574d0f310103eed7ee"},
    {file = "SQLAlchemy-1.4.28-cp39-cp39-win32.whl", hash = "sha256:ca500f30619daf863ab1c66d57d53a0987361a8f3266454290198aabd18f2599"},
    {file = "SQLAlchemy-1.4.28-cp39-cp39-win_amd64.whl", hash = "sha256:853de08e881dae0305647dd61b4429758f11d1bf02a9faf02793cad44bb2e0d5"},
    {file = "SQLAlchemy-1.4.28.tar.gz", hash = "sha256:7fdb7b775fb0739d3e71461509f978beb788935bc0aa9e47df14837cb33e5226"},
]

[package.dependencies]
greenlet = {version = "!=0.4.17", markers = "python_version >= \"3\" and (platform_machine == \"win32\" or platform_machine == \"WIN32\" or platform_machine == \"AMD64\" or platform_machine == \"amd64\" or platform_machine == \"x86_64\" or platform_machine == \"ppc64le\" or platform_machine == \"aarch64\")"}

[package.extras]
aiomysql = ["aiomysql", "greenlet (!=0.4.17)"]
aiosqlite = ["aiosqlite", "greenlet (!=0.4.17)", "typing-extensions (!=3.10.0.1)"]
asyncio = ["greenlet (!=0.4.17)"]
asyncmy = ["asyncmy (>=0.2.3)", "greenlet (!=0.4.17)"]
mariadb-connector = ["mariadb (>=1.0.1)"]
mssql = ["pyodbc"]
mssql-pymssql = ["pymssql"]
mssql-pyodbc = ["pyodbc"]
mypy = ["mypy (>=0.910)", "sqlalchemy2-stubs"]
mysql = ["mysqlclient (>=1.4.0)", "mysqlclient (>=1.4.0,<2)"]
mysql-connector = ["mysql-connector-python"]
oracle = ["cx-oracle (>=7)", "cx-oracle (>=7,<8)"]
postgresql = ["psycopg2 (>=2.7)"]
postgresql-asyncpg = ["asyncpg", "greenlet (!=0.4.17)"]
postgresql-pg8000 = ["pg8000 (>=1.16.6)"]
postgresql-psycopg2binary = ["psycopg2-binary"]
postgresql-psycopg2cffi = ["psycopg2cffi"]
pymysql = ["pymysql", "pymysql (<1)"]
sqlcipher = ["sqlcipher3-binary"]

[[package]]
name = "tomli"
version = "1.2.3"
description = "A lil' TOML parser"
optional = false
python-versions = ">=3.6"
files = [
    {file = "tomli-1.2.3-py3-none-any.whl", hash = "sha256:e3069e4be3ead9668e21cb9b074cd948f7b3113fd9c8bba083f48247aab8b11c"},
    {file = "tomli-1.2.3.tar.gz", hash = "sha256:05b6166bff487dc068d322585c7ea4ef78deed501cc124060e0f238e89a9231f"},
]

[[package]]
name = "typing-extensions"
version = "4.0.1"
description = "Backported and Experimental Type Hints for Python 3.6+"
optional = false
python-versions = ">=3.6"
files = [
    {file = "typing_extensions-4.0.1-py3-none-any.whl", hash = "sha256:7f001e5ac290a0c0401508864c7ec868be4e701886d5b573a9528ed3973d9d3b"},
    {file = "typing_extensions-4.0.1.tar.gz", hash = "sha256:4ca091dea149f945ec56afb48dae714f21e8692ef22a395223bcd328961b6a0e"},
]

[[package]]
name = "tzdata"
version = "2021.5"
description = "Provider of IANA time zone data"
optional = false
python-versions = ">=2"
files = [
    {file = "tzdata-2021.5-py2.py3-none-any.whl", hash = "sha256:3eee491e22ebfe1e5cfcc97a4137cd70f092ce59144d81f8924a844de05ba8f5"},
    {file = "tzdata-2021.5.tar.gz", hash = "sha256:68dbe41afd01b867894bbdfd54fa03f468cfa4f0086bfb4adcd8de8f24f3ee21"},
]

[[package]]
name = "tzlocal"
version = "4.1"
description = "tzinfo object for the local timezone"
optional = false
python-versions = ">=3.6"
files = [
    {file = "tzlocal-4.1-py3-none-any.whl", hash = "sha256:28ba8d9fcb6c9a782d6e0078b4f6627af1ea26aeaa32b4eab5324abc7df4149f"},
    {file = "tzlocal-4.1.tar.gz", hash = "sha256:0f28015ac68a5c067210400a9197fc5d36ba9bc3f8eaf1da3cbd59acdfed9e09"},
]

[package.dependencies]
pytz-deprecation-shim = "*"
tzdata = {version = "*", markers = "platform_system == \"Windows\""}

[package.extras]
devenv = ["black", "pyroma", "pytest-cov", "zest.releaser"]
test = ["pytest (>=4.3)", "pytest-mock (>=3.3)"]

[[package]]
name = "urllib3"
version = "1.26.9"
description = "HTTP library with thread-safe connection pooling, file post, and more."
optional = false
python-versions = ">=2.7, !=3.0.*, !=3.1.*, !=3.2.*, !=3.3.*, !=3.4.*, <4"
files = [
    {file = "urllib3-1.26.9-py2.py3-none-any.whl", hash = "sha256:44ece4d53fb1706f667c9bd1c648f5469a2ec925fcf3a776667042d645472c14"},
    {file = "urllib3-1.26.9.tar.gz", hash = "sha256:aabaf16477806a5e1dd19aa41f8c2b7950dd3c746362d7e3223dbe6de6ac448e"},
]

[package.extras]
brotli = ["brotli (>=1.0.9)", "brotlicffi (>=0.8.0)", "brotlipy (>=0.6.0)"]
secure = ["certifi", "cryptography (>=1.3.4)", "idna (>=2.0.0)", "ipaddress", "pyOpenSSL (>=0.14)"]
socks = ["PySocks (>=1.5.6,!=1.5.7,<2.0)"]

[metadata]
lock-version = "2.0"
python-versions = "^3.10"
content-hash = "30c3ebee08a32077a583ea13b981309f9830cc8fd82fcf477d51b085e4a9e64c"
