[[package]]
name = "black"
version = "21.12b0"
description = "The uncompromising code formatter."
category = "dev"
optional = false
python-versions = ">=3.6.2"

[package.dependencies]
click = ">=7.1.2"
mypy-extensions = ">=0.4.3"
pathspec = ">=0.9.0,<1"
platformdirs = ">=2"
tomli = ">=0.2.6,<2.0.0"
typing-extensions = [
    {version = ">=3.10.0.0", markers = "python_version < \"3.10\""},
    {version = "!=3.10.0.1", markers = "python_version >= \"3.10\""},
]

[package.extras]
colorama = ["colorama (>=0.4.3)"]
d = ["aiohttp (>=3.7.4)"]
jupyter = ["ipython (>=7.8.0)", "tokenize-rt (>=3.2.0)"]
python2 = ["typed-ast (>=1.4.3)"]
uvloop = ["uvloop (>=0.15.2)"]

[[package]]
name = "click"
version = "8.0.3"
description = "Composable command line interface toolkit"
category = "dev"
optional = false
python-versions = ">=3.6"

[package.dependencies]
colorama = {version = "*", markers = "platform_system == \"Windows\""}

[[package]]
name = "clickhouse-driver"
version = "0.2.2"
description = "Python driver with native interface for ClickHouse"
category = "main"
optional = false
python-versions = ">=3.4.*, <4"

[package.dependencies]
pytz = "*"
tzlocal = "*"

[package.extras]
lz4 = ["clickhouse-cityhash (>=1.0.2.1)", "lz4", "lz4 (<=3.0.1)"]
numpy = ["numpy (>=1.12.0)", "pandas (>=0.24.0)"]
zstd = ["zstd", "clickhouse-cityhash (>=1.0.2.1)"]

[[package]]
name = "colorama"
version = "0.4.4"
description = "Cross-platform colored terminal text."
category = "dev"
optional = false
python-versions = ">=2.7, !=3.0.*, !=3.1.*, !=3.2.*, !=3.3.*, !=3.4.*"

[[package]]
name = "duckdb"
version = "0.3.1"
description = "DuckDB embedded database"
category = "main"
optional = false
python-versions = "*"

[package.dependencies]
numpy = ">=1.14"

[[package]]
name = "flake8"
version = "4.0.1"
description = "the modular source code checker: pep8 pyflakes and co"
category = "dev"
optional = false
python-versions = ">=3.6"

[package.dependencies]
mccabe = ">=0.6.0,<0.7.0"
pycodestyle = ">=2.8.0,<2.9.0"
pyflakes = ">=2.4.0,<2.5.0"

[[package]]
name = "greenlet"
version = "1.1.2"
description = "Lightweight in-process concurrent programming"
category = "main"
optional = false
python-versions = ">=2.7,!=3.0.*,!=3.1.*,!=3.2.*,!=3.3.*,!=3.4.*"

[package.extras]
docs = ["sphinx"]

[[package]]
name = "mccabe"
version = "0.6.1"
description = "McCabe checker, plugin for flake8"
category = "dev"
optional = false
python-versions = "*"

[[package]]
name = "mypy-extensions"
version = "0.4.3"
description = "Experimental type system extensions for programs checked with the mypy typechecker."
category = "dev"
optional = false
python-versions = "*"

[[package]]
name = "numpy"
version = "1.21.1"
description = "NumPy is the fundamental package for array computing with Python."
category = "main"
optional = false
python-versions = ">=3.7"

[[package]]
name = "pathspec"
version = "0.9.0"
description = "Utility library for gitignore style pattern matching of file paths."
category = "dev"
optional = false
python-versions = "!=3.0.*,!=3.1.*,!=3.2.*,!=3.3.*,!=3.4.*,>=2.7"

[[package]]
name = "platformdirs"
version = "2.4.0"
description = "A small Python module for determining appropriate platform-specific dirs, e.g. a \"user data dir\"."
category = "dev"
optional = false
python-versions = ">=3.6"

[package.extras]
docs = ["Sphinx (>=4)", "furo (>=2021.7.5b38)", "proselint (>=0.10.2)", "sphinx-autodoc-typehints (>=1.12)"]
test = ["appdirs (==1.4.4)", "pytest (>=6)", "pytest-cov (>=2.7)", "pytest-mock (>=3.6)"]

[[package]]
name = "pycodestyle"
version = "2.8.0"
description = "Python style guide checker"
category = "dev"
optional = false
python-versions = ">=2.7, !=3.0.*, !=3.1.*, !=3.2.*, !=3.3.*, !=3.4.*"

[[package]]
name = "pyflakes"
version = "2.4.0"
description = "passive checker of Python programs"
category = "dev"
optional = false
python-versions = ">=2.7, !=3.0.*, !=3.1.*, !=3.2.*, !=3.3.*"

[[package]]
name = "python-dateutil"
version = "2.8.2"
description = "Extensions to the standard Python datetime module"
category = "main"
optional = false
python-versions = "!=3.0.*,!=3.1.*,!=3.2.*,>=2.7"

[package.dependencies]
six = ">=1.5"

[[package]]
name = "pytz"
version = "2021.3"
description = "World timezone definitions, modern and historical"
category = "main"
optional = false
python-versions = "*"

[[package]]
name = "pytz-deprecation-shim"
version = "0.1.0.post0"
description = "Shims to make deprecation of pytz easier"
category = "main"
optional = false
python-versions = "!=3.0.*,!=3.1.*,!=3.2.*,!=3.3.*,!=3.4.*,!=3.5.*,>=2.7"

[package.dependencies]
tzdata = {version = "*", markers = "python_version >= \"3.6\""}

[[package]]
name = "six"
version = "1.16.0"
description = "Python 2 and 3 compatibility utilities"
category = "main"
optional = false
python-versions = ">=2.7, !=3.0.*, !=3.1.*, !=3.2.*"

[[package]]
name = "sqlalchemy"
version = "1.4.28"
description = "Database Abstraction Library"
category = "main"
optional = false
python-versions = "!=3.0.*,!=3.1.*,!=3.2.*,!=3.3.*,!=3.4.*,!=3.5.*,>=2.7"

[package.dependencies]
greenlet = {version = "!=0.4.17", markers = "python_version >= \"3\" and (platform_machine == \"aarch64\" or platform_machine == \"ppc64le\" or platform_machine == \"x86_64\" or platform_machine == \"amd64\" or platform_machine == \"AMD64\" or platform_machine == \"win32\" or platform_machine == \"WIN32\")"}

[package.extras]
aiomysql = ["greenlet (!=0.4.17)", "aiomysql"]
aiosqlite = ["typing_extensions (!=3.10.0.1)", "greenlet (!=0.4.17)", "aiosqlite"]
asyncio = ["greenlet (!=0.4.17)"]
asyncmy = ["greenlet (!=0.4.17)", "asyncmy (>=0.2.3)"]
mariadb_connector = ["mariadb (>=1.0.1)"]
mssql = ["pyodbc"]
mssql_pymssql = ["pymssql"]
mssql_pyodbc = ["pyodbc"]
mypy = ["sqlalchemy2-stubs", "mypy (>=0.910)"]
mysql = ["mysqlclient (>=1.4.0,<2)", "mysqlclient (>=1.4.0)"]
mysql_connector = ["mysql-connector-python"]
oracle = ["cx_oracle (>=7,<8)", "cx_oracle (>=7)"]
postgresql = ["psycopg2 (>=2.7)"]
postgresql_asyncpg = ["greenlet (!=0.4.17)", "asyncpg"]
postgresql_pg8000 = ["pg8000 (>=1.16.6)"]
postgresql_psycopg2binary = ["psycopg2-binary"]
postgresql_psycopg2cffi = ["psycopg2cffi"]
pymysql = ["pymysql (<1)", "pymysql"]
sqlcipher = ["sqlcipher3-binary"]

[[package]]
name = "tomli"
version = "1.2.3"
description = "A lil' TOML parser"
category = "dev"
optional = false
python-versions = ">=3.6"

[[package]]
name = "typing-extensions"
version = "4.0.1"
description = "Backported and Experimental Type Hints for Python 3.6+"
category = "dev"
optional = false
python-versions = ">=3.6"

[[package]]
name = "tzdata"
version = "2021.5"
description = "Provider of IANA time zone data"
category = "main"
optional = false
python-versions = ">=2"

[[package]]
name = "tzlocal"
version = "4.1"
description = "tzinfo object for the local timezone"
category = "main"
optional = false
python-versions = ">=3.6"

[package.dependencies]
pytz-deprecation-shim = "*"
tzdata = {version = "*", markers = "platform_system == \"Windows\""}

[package.extras]
devenv = ["black", "pyroma", "pytest-cov", "zest.releaser"]
test = ["pytest-mock (>=3.3)", "pytest (>=4.3)"]

[metadata]
lock-version = "1.1"
python-versions = "^3.10"
content-hash = "61c14e3bdadc76e2c434e835804192d8ec84b0abf74941b5c563f4b26e92fdc8"

[metadata.files]
black = [
    {file = "black-21.12b0-py3-none-any.whl", hash = "sha256:a615e69ae185e08fdd73e4715e260e2479c861b5740057fde6e8b4e3b7dd589f"},
    {file = "black-21.12b0.tar.gz", hash = "sha256:77b80f693a569e2e527958459634f18df9b0ba2625ba4e0c2d5da5be42e6f2b3"},
]
click = [
    {file = "click-8.0.3-py3-none-any.whl", hash = "sha256:353f466495adaeb40b6b5f592f9f91cb22372351c84caeb068132442a4518ef3"},
    {file = "click-8.0.3.tar.gz", hash = "sha256:410e932b050f5eed773c4cda94de75971c89cdb3155a72a0831139a79e5ecb5b"},
]
clickhouse-driver = [
    {file = "clickhouse-driver-0.2.2.tar.gz", hash = "sha256:d16cfae6d3085854ebdef47a7920ce2ef839bde44c60a64d7963a8c9834d7440"},
    {file = "clickhouse_driver-0.2.2-cp310-cp310-macosx_10_9_x86_64.whl", hash = "sha256:96af5d26ed7b4e6a0eebcf95846c921e3311e73aa6bda98bc33633e7e59a183c"},
    {file = "clickhouse_driver-0.2.2-cp310-cp310-manylinux_2_17_aarch64.manylinux2014_aarch64.whl", hash = "sha256:ab029ba9bed6ff1118190fd05bdf001bd085a72caeb1fbb23fc6e8a0a5cc2bbd"},
    {file = "clickhouse_driver-0.2.2-cp310-cp310-manylinux_2_5_i686.manylinux1_i686.manylinux_2_12_i686.manylinux2010_i686.whl", hash = "sha256:817426d25024fb31d2b6b87f5ddbc0b94881ea73305180f693fa7c9b54ba12c3"},
    {file = "clickhouse_driver-0.2.2-cp310-cp310-manylinux_2_5_x86_64.manylinux1_x86_64.manylinux_2_12_x86_64.manylinux2010_x86_64.whl", hash = "sha256:fcfc774aa36fdfdcd6a53053dbcd8c2da3046c68e4005b0cba7aa7c3677bafe7"},
    {file = "clickhouse_driver-0.2.2-cp310-cp310-musllinux_1_1_aarch64.whl", hash = "sha256:568586e3bf901516582ee11705e9aa97ee187bd7bd0cef42d762751352b3aecd"},
    {file = "clickhouse_driver-0.2.2-cp310-cp310-musllinux_1_1_i686.whl", hash = "sha256:a4d0de837557468f3097443b8414868440792da2d0e167e21c7d725f0122beb6"},
    {file = "clickhouse_driver-0.2.2-cp310-cp310-musllinux_1_1_x86_64.whl", hash = "sha256:4712143e554bc0e32c4a0a12c0b04ca2e1ab9ac0b541916cc598bbb03267af9e"},
    {file = "clickhouse_driver-0.2.2-cp35-cp35m-macosx_10_9_x86_64.whl", hash = "sha256:56ec4ad0880072b990b3f55a1ea5b23439cf43908024b6330853ebb5edacc45d"},
    {file = "clickhouse_driver-0.2.2-cp35-cp35m-manylinux1_i686.whl", hash = "sha256:eece04cadf0bf19a063869c39456c5eb4ed14ec19b4fed089615a0aff38c3e73"},
    {file = "clickhouse_driver-0.2.2-cp35-cp35m-manylinux1_x86_64.whl", hash = "sha256:b015664786376421c08e4e9a02c4976784e858be191c0adda24fb4ae6e15f9ee"},
    {file = "clickhouse_driver-0.2.2-cp35-cp35m-manylinux2010_i686.whl", hash = "sha256:fbc771bc3b27fab872a302b8d174b933dc9a2bd9ab6bdd2a89bf18de6f7e9445"},
    {file = "clickhouse_driver-0.2.2-cp35-cp35m-manylinux2010_x86_64.whl", hash = "sha256:86a744aeea30c7251110e4b7d6e9103000274f74794feed14017e501081f0f75"},
    {file = "clickhouse_driver-0.2.2-cp35-cp35m-manylinux2014_aarch64.whl", hash = "sha256:e9bc9258fea1e5d5d8ab4c8d9f52c37cf5d6ed3e1f82d17833d052a9c7d68ed8"},
    {file = "clickhouse_driver-0.2.2-cp35-cp35m-win32.whl", hash = "sha256:d6548baf0ddca4084cde97e9439b75a2194fc2a383f4002014520b837b19913c"},
    {file = "clickhouse_driver-0.2.2-cp35-cp35m-win_amd64.whl", hash = "sha256:671dada39a5c51e721ca0d546653c57d66e40e7c9835c06879042775abf624fc"},
    {file = "clickhouse_driver-0.2.2-cp36-cp36m-macosx_10_9_x86_64.whl", hash = "sha256:489c1606b79b185f1ed8ed6210d0f0781ab51f2d1b6b9e5378b9372c28055e2f"},
    {file = "clickhouse_driver-0.2.2-cp36-cp36m-manylinux1_i686.whl", hash = "sha256:64643a2e65c5f1f96ed4b0fbf56af0b225e437d9a84551cec9fce49b3ed27ada"},
    {file = "clickhouse_driver-0.2.2-cp36-cp36m-manylinux1_x86_64.whl", hash = "sha256:9487800152d9cb8412639f88a3d70c11e086d420b0f72c28541e391d24f12ecf"},
    {file = "clickhouse_driver-0.2.2-cp36-cp36m-manylinux2010_i686.whl", hash = "sha256:3b49f64a61e7a322746e1a6bb65a9e57d8abf29fa1274a177fee81574de5feca"},
    {file = "clickhouse_driver-0.2.2-cp36-cp36m-manylinux2010_x86_64.whl", hash = "sha256:643883cc04df1d9e5eebc63f73df860722c905959dcc9b95f8bc30b417beaff6"},
    {file = "clickhouse_driver-0.2.2-cp36-cp36m-manylinux2014_aarch64.whl", hash = "sha256:4a221e4f70e69c13bab23fa8277c30ce1659ca62b83decb4371aef83ec0c845c"},
    {file = "clickhouse_driver-0.2.2-cp36-cp36m-win32.whl", hash = "sha256:2c01b396dd6393f68a367746d647775e92aa26125932f47e186dd5d6f0410a78"},
    {file = "clickhouse_driver-0.2.2-cp36-cp36m-win_amd64.whl", hash = "sha256:ef794cff7fff0123525865c5b4fb4c1a0d78bbae54c4edeb553c24d42d01bcae"},
    {file = "clickhouse_driver-0.2.2-cp37-cp37m-macosx_10_9_x86_64.whl", hash = "sha256:e944f11926db7a9d3c7f8a1d3d9f96b1e6939e5d81b61f8a8b24e647bf2170f7"},
    {file = "clickhouse_driver-0.2.2-cp37-cp37m-manylinux1_i686.whl", hash = "sha256:397bf434d1e514949d089b1f0cc2829a5c108ba93c89ef99d020c5f62809bc2b"},
    {file = "clickhouse_driver-0.2.2-cp37-cp37m-manylinux1_x86_64.whl", hash = "sha256:ce040a64f3d18927950588968bba89f0be67f5a4cc936b12c85700089d211681"},
    {file = "clickhouse_driver-0.2.2-cp37-cp37m-manylinux2010_i686.whl", hash = "sha256:6770729416e7a79b161a752001d52f81c2ccbf080b244a0cb86fd4e33c141b5e"},
    {file = "clickhouse_driver-0.2.2-cp37-cp37m-manylinux2010_x86_64.whl", hash = "sha256:4cb7ec8f9e506466d6e30ec07416ebb4c4be84959946eb4c26ac8c3369dc045e"},
    {file = "clickhouse_driver-0.2.2-cp37-cp37m-manylinux2014_aarch64.whl", hash = "sha256:e685b109c549d6a23c77816520d39e4183936b9a7a39d42ebc06cf64df87900b"},
    {file = "clickhouse_driver-0.2.2-cp37-cp37m-win32.whl", hash = "sha256:f3795955d200e0f7a12e8f6641dd488c773004af827895a2a870af3dcb9d2f23"},
    {file = "clickhouse_driver-0.2.2-cp37-cp37m-win_amd64.whl", hash = "sha256:7c0fb49bb5af47816322c66d7929d3a8b4561d5ed79aeabc779da490bb8073e0"},
    {file = "clickhouse_driver-0.2.2-cp38-cp38-macosx_10_9_x86_64.whl", hash = "sha256:aaf06448710d07767a56cddaaf29f4b068badad601a21d2a729cd13caa8690f0"},
    {file = "clickhouse_driver-0.2.2-cp38-cp38-manylinux1_i686.whl", hash = "sha256:f932731fe1a184848f36fabf68d68b26ca5371c7b9d0cbed9b74bc09b6350fed"},
    {file = "clickhouse_driver-0.2.2-cp38-cp38-manylinux1_x86_64.whl", hash = "sha256:e0574a1f08d94b1b5a6c9e508e98df6ce646541f5743e05f9a88540bc55e9a26"},
    {file = "clickhouse_driver-0.2.2-cp38-cp38-manylinux2010_i686.whl", hash = "sha256:d47427c8df42065daba310710dbfe35b05ab03a62276146836a6bf8feec64719"},
    {file = "clickhouse_driver-0.2.2-cp38-cp38-manylinux2010_x86_64.whl", hash = "sha256:28274fd0060c577859b1e88661c7a0fa690ff1656bac5fa0760a3a90fb0af2a8"},
    {file = "clickhouse_driver-0.2.2-cp38-cp38-manylinux2014_aarch64.whl", hash = "sha256:6c7cc232a7ba8fef01b04f37c2548e9ac56f297925ab56125816e2355c24b9d0"},
    {file = "clickhouse_driver-0.2.2-cp38-cp38-win32.whl", hash = "sha256:bf6bfa7b1019af22eb2e393bae6834da09526c7e068438dfe824a6ae5ba615ff"},
    {file = "clickhouse_driver-0.2.2-cp38-cp38-win_amd64.whl", hash = "sha256:17f4f18a07e878b8da9a5a5fda05e14a787d79b78f30d4154785cac7c85b9378"},
    {file = "clickhouse_driver-0.2.2-cp39-cp39-macosx_10_9_x86_64.whl", hash = "sha256:831b3c1084b1f5283bd7ac6b7b6bd9ebc898e0c7821fed830f68206ac7c5681a"},
    {file = "clickhouse_driver-0.2.2-cp39-cp39-manylinux1_i686.whl", hash = "sha256:8a79355b930258f2d730aad11682f42e9fc6791da5c9c43958c6bd575cb42b51"},
    {file = "clickhouse_driver-0.2.2-cp39-cp39-manylinux1_x86_64.whl", hash = "sha256:5440e023e6fbcda2f56f2360c3b4683152e7d4c1c805ecbbd280186b2647be82"},
    {file = "clickhouse_driver-0.2.2-cp39-cp39-manylinux2010_i686.whl", hash = "sha256:6058592b25160907f84ebebd45c6e7d8047e0b86b477d1c7e6fb344861cc03fd"},
    {file = "clickhouse_driver-0.2.2-cp39-cp39-manylinux2010_x86_64.whl", hash = "sha256:9c950170c459659924a7ddade52c9312863d707b5c61ae915b323a0902e7ba43"},
    {file = "clickhouse_driver-0.2.2-cp39-cp39-manylinux2014_aarch64.whl", hash = "sha256:6309fa95482086126949c7ccf3f45f55976b41d0fd586d2c098dd2c86a1fda4f"},
    {file = "clickhouse_driver-0.2.2-cp39-cp39-win32.whl", hash = "sha256:2242d4c4b1201f016ef17f5f006b0ea79ce8549def33db2c3381eafda706cbec"},
    {file = "clickhouse_driver-0.2.2-cp39-cp39-win_amd64.whl", hash = "sha256:15fe435392fb871b634b7a58dd221c34fe952fa15885a7f04c02cebaf90b84bb"},
    {file = "clickhouse_driver-0.2.2-pp36-pypy36_pp73-macosx_10_9_x86_64.whl", hash = "sha256:8a5b00482cddb99629e9fb60bf0b9017fb61d578fd4a551bc677079ef7fa04b9"},
    {file = "clickhouse_driver-0.2.2-pp36-pypy36_pp73-manylinux1_x86_64.whl", hash = "sha256:06b9547d7da5f9126c49a49f80689fd35c90e47f6eabfc71f5cd56d83971e4d1"},
    {file = "clickhouse_driver-0.2.2-pp36-pypy36_pp73-manylinux2010_x86_64.whl", hash = "sha256:b1657a3d5acb0a283a6af85ba799691a8344f9186dc8ed3ae9c84269eaed3bd3"},
    {file = "clickhouse_driver-0.2.2-pp36-pypy36_pp73-win32.whl", hash = "sha256:82e30654b58ce7aa06ab11ba0ce70ce99a9617ddf82c6a2c77088423b018efd9"},
    {file = "clickhouse_driver-0.2.2-pp37-pypy37_pp73-macosx_10_9_x86_64.whl", hash = "sha256:b6f4477a87853a4f063af941dd7052a2514dfaf0d4e9ada86c9c73320b9708e6"},
    {file = "clickhouse_driver-0.2.2-pp37-pypy37_pp73-manylinux1_x86_64.whl", hash = "sha256:c4bc35e74270cb97442d87b6d607d82487f57679a0fe1f28762a735dd8235756"},
    {file = "clickhouse_driver-0.2.2-pp37-pypy37_pp73-manylinux2010_x86_64.whl", hash = "sha256:2bbba461a504b1e88719a6cc2b9865cd5885377fd9eb31be72cd86d77b83da1c"},
    {file = "clickhouse_driver-0.2.2-pp37-pypy37_pp73-win32.whl", hash = "sha256:cea99c3a508ecc87cf26c7b615e23b76d9be6ee0a34018efa028107904409c6f"},
]
colorama = [
    {file = "colorama-0.4.4-py2.py3-none-any.whl", hash = "sha256:9f47eda37229f68eee03b24b9748937c7dc3868f906e8ba69fbcbdd3bc5dc3e2"},
    {file = "colorama-0.4.4.tar.gz", hash = "sha256:5941b2b48a20143d2267e95b1c2a7603ce057ee39fd88e7329b0c292aa16869b"},
]
duckdb = [
    {file = "duckdb-0.3.1-cp36-cp36m-macosx_10_9_x86_64.whl", hash = "sha256:71b48e5d98270c56319b2fa51e6e3d7a3ba08e01c9fc7e7e97864c2f678eeb96"},
    {file = "duckdb-0.3.1-cp36-cp36m-win32.whl", hash = "sha256:5784d909d5414276506191e795a931ece366e8b7010dcf3b5fe3b8a93c0236a5"},
    {file = "duckdb-0.3.1-cp36-cp36m-win_amd64.whl", hash = "sha256:b1d5a6dc00371bcc200acb21a76b93f8dcca1c1fb9e4338b374950c15d83d91f"},
    {file = "duckdb-0.3.1-cp37-cp37m-macosx_10_9_x86_64.whl", hash = "sha256:11a85eb943a6637f667a914cc251e8eed246800b8348bf8deb055c0439267a15"},
    {file = "duckdb-0.3.1-cp37-cp37m-manylinux_2_12_i686.manylinux2010_i686.whl", hash = "sha256:7bc5ac122313f3dba951a044c8bf2e6dcf64147c3fbb24a2b78aa21ee8c8fa53"},
    {file = "duckdb-0.3.1-cp37-cp37m-manylinux_2_12_x86_64.manylinux2010_x86_64.whl", hash = "sha256:49574d8d5504002e170bd0e42754bd53d678b871cbd5de51028e9bbc6a338bee"},
    {file = "duckdb-0.3.1-cp37-cp37m-musllinux_1_1_i686.whl", hash = "sha256:2de216dbae8452571be411bc2958d8be527ee11ddbbed33d7a4bf93f5c6abe55"},
    {file = "duckdb-0.3.1-cp37-cp37m-musllinux_1_1_x86_64.whl", hash = "sha256:0394b1c7ab49e600aa3a8e019c33fca562603062eaec5f00e3877f7750a9797e"},
    {file = "duckdb-0.3.1-cp37-cp37m-win32.whl", hash = "sha256:95c17676bebe2866b0addbc1d89cce188ebe6651723aed9b9ec27a2c1c3bd6ee"},
    {file = "duckdb-0.3.1-cp37-cp37m-win_amd64.whl", hash = "sha256:b8fab6f8c7e14c615ee0169e21c1bb0f8bbe5d77d49de2b07e7c832de712e841"},
    {file = "duckdb-0.3.1-cp38-cp38-macosx_10_9_universal2.whl", hash = "sha256:081b6dfe63ebc39d9d4b609ac3320ec0af7425c0ae034e32ccc3425d232ea29b"},
    {file = "duckdb-0.3.1-cp38-cp38-macosx_10_9_x86_64.whl", hash = "sha256:f212138158fa86467d413b375fafa09151650bc382e41dca2894d8d111901b92"},
    {file = "duckdb-0.3.1-cp38-cp38-macosx_11_0_arm64.whl", hash = "sha256:f5da2ff0c0979cd316a59475ef87d81bc858d58e32b1f19db06a9542a78c8e48"},
    {file = "duckdb-0.3.1-cp38-cp38-manylinux_2_12_i686.manylinux2010_i686.whl", hash = "sha256:c1488ab6fc6409c5c306569f19bafc1f32542398bc686e12a425900cbc061f08"},
    {file = "duckdb-0.3.1-cp38-cp38-manylinux_2_12_x86_64.manylinux2010_x86_64.whl", hash = "sha256:8866a5913a1d4562cbd07cdcf05f1c48bbcd2050a61fc171232f8c68ca9b1a55"},
    {file = "duckdb-0.3.1-cp38-cp38-musllinux_1_1_i686.whl", hash = "sha256:ef03e56f40bba5f662042e6b2973eec8ec6dbd80f1ad7dbb8579bb83662b7715"},
    {file = "duckdb-0.3.1-cp38-cp38-musllinux_1_1_x86_64.whl", hash = "sha256:83bc6fd0d62d55319208204d9831fe2bb979b5ef4aaf5bc29209276117c9ef9b"},
    {file = "duckdb-0.3.1-cp38-cp38-win32.whl", hash = "sha256:7bbbded9ce5f13acd84ab01fc6c5082597c914376fdd63d05501f84efe492f60"},
    {file = "duckdb-0.3.1-cp38-cp38-win_amd64.whl", hash = "sha256:37004b04511b314cbda556e917c0f051f820949cb81ce040d065f6beb58c1401"},
    {file = "duckdb-0.3.1-cp39-cp39-macosx_10_9_universal2.whl", hash = "sha256:0dada201ce7dea14c235973be3837f00498d57d63394ca4f02bf072e76974e8d"},
    {file = "duckdb-0.3.1-cp39-cp39-macosx_10_9_x86_64.whl", hash = "sha256:3492dca430f16469c01352c851f528539d9263a4e433c160efd5fde68bebdae6"},
    {file = "duckdb-0.3.1-cp39-cp39-macosx_11_0_arm64.whl", hash = "sha256:f42f4a14e41dae7b6a726b5d5a5b8b05569b3075ad78ad327b6f0e8bf9b6dd6f"},
    {file = "duckdb-0.3.1-cp39-cp39-manylinux_2_12_i686.manylinux2010_i686.whl", hash = "sha256:5c40faf4cbbb9031d47647feb28d30a2ad1c0af7717f800129012406eb7f1b1c"},
    {file = "duckdb-0.3.1-cp39-cp39-manylinux_2_12_x86_64.manylinux2010_x86_64.whl", hash = "sha256:6a1d8f2643003595e8529bdd2f2717969ccf4eba5716fb31255703d453ed436b"},
    {file = "duckdb-0.3.1-cp39-cp39-musllinux_1_1_i686.whl", hash = "sha256:462ec26e810b0630dc7e2a21c72c40877e4360935526f2c48fa8ea36fc6333d9"},
    {file = "duckdb-0.3.1-cp39-cp39-musllinux_1_1_x86_64.whl", hash = "sha256:3098a4cbc1199104bcabd1a05e636976759eeb4c431fdadc784efd9a887c072a"},
    {file = "duckdb-0.3.1-cp39-cp39-win32.whl", hash = "sha256:43303b8240f4a165c9384c38aa8367b50d0bc863de63adaa580d1dd98af7ed07"},
    {file = "duckdb-0.3.1-cp39-cp39-win_amd64.whl", hash = "sha256:3ec18c8729a5fd2327557ebae4630560297316ebfe9f4845d7584990e56be818"},
    {file = "duckdb-0.3.1.tar.gz", hash = "sha256:faace845653e4739444941209f98df9a835bfb841998e263d584f71a69659eab"},
]
flake8 = [
    {file = "flake8-4.0.1-py2.py3-none-any.whl", hash = "sha256:479b1304f72536a55948cb40a32dce8bb0ffe3501e26eaf292c7e60eb5e0428d"},
    {file = "flake8-4.0.1.tar.gz", hash = "sha256:806e034dda44114815e23c16ef92f95c91e4c71100ff52813adf7132a6ad870d"},
]
greenlet = [
    {file = "greenlet-1.1.2-cp27-cp27m-macosx_10_14_x86_64.whl", hash = "sha256:58df5c2a0e293bf665a51f8a100d3e9956febfbf1d9aaf8c0677cf70218910c6"},
    {file = "greenlet-1.1.2-cp27-cp27m-manylinux1_x86_64.whl", hash = "sha256:aec52725173bd3a7b56fe91bc56eccb26fbdff1386ef123abb63c84c5b43b63a"},
    {file = "greenlet-1.1.2-cp27-cp27m-manylinux2010_x86_64.whl", hash = "sha256:833e1551925ed51e6b44c800e71e77dacd7e49181fdc9ac9a0bf3714d515785d"},
    {file = "greenlet-1.1.2-cp27-cp27m-win32.whl", hash = "sha256:aa5b467f15e78b82257319aebc78dd2915e4c1436c3c0d1ad6f53e47ba6e2713"},
    {file = "greenlet-1.1.2-cp27-cp27m-win_amd64.whl", hash = "sha256:40b951f601af999a8bf2ce8c71e8aaa4e8c6f78ff8afae7b808aae2dc50d4c40"},
    {file = "greenlet-1.1.2-cp27-cp27mu-manylinux1_x86_64.whl", hash = "sha256:95e69877983ea39b7303570fa6760f81a3eec23d0e3ab2021b7144b94d06202d"},
    {file = "greenlet-1.1.2-cp27-cp27mu-manylinux2010_x86_64.whl", hash = "sha256:356b3576ad078c89a6107caa9c50cc14e98e3a6c4874a37c3e0273e4baf33de8"},
    {file = "greenlet-1.1.2-cp310-cp310-macosx_10_14_x86_64.whl", hash = "sha256:8639cadfda96737427330a094476d4c7a56ac03de7265622fcf4cfe57c8ae18d"},
    {file = "greenlet-1.1.2-cp310-cp310-manylinux_2_17_aarch64.manylinux2014_aarch64.whl", hash = "sha256:97e5306482182170ade15c4b0d8386ded995a07d7cc2ca8f27958d34d6736497"},
    {file = "greenlet-1.1.2-cp310-cp310-manylinux_2_17_ppc64le.manylinux2014_ppc64le.whl", hash = "sha256:e6a36bb9474218c7a5b27ae476035497a6990e21d04c279884eb10d9b290f1b1"},
    {file = "greenlet-1.1.2-cp310-cp310-manylinux_2_17_x86_64.manylinux2014_x86_64.whl", hash = "sha256:abb7a75ed8b968f3061327c433a0fbd17b729947b400747c334a9c29a9af6c58"},
    {file = "greenlet-1.1.2-cp310-cp310-win_amd64.whl", hash = "sha256:14d4f3cd4e8b524ae9b8aa567858beed70c392fdec26dbdb0a8a418392e71708"},
    {file = "greenlet-1.1.2-cp35-cp35m-macosx_10_14_x86_64.whl", hash = "sha256:17ff94e7a83aa8671a25bf5b59326ec26da379ace2ebc4411d690d80a7fbcf23"},
    {file = "greenlet-1.1.2-cp35-cp35m-manylinux1_x86_64.whl", hash = "sha256:9f3cba480d3deb69f6ee2c1825060177a22c7826431458c697df88e6aeb3caee"},
    {file = "greenlet-1.1.2-cp35-cp35m-manylinux2010_x86_64.whl", hash = "sha256:fa877ca7f6b48054f847b61d6fa7bed5cebb663ebc55e018fda12db09dcc664c"},
    {file = "greenlet-1.1.2-cp35-cp35m-win32.whl", hash = "sha256:7cbd7574ce8e138bda9df4efc6bf2ab8572c9aff640d8ecfece1b006b68da963"},
    {file = "greenlet-1.1.2-cp35-cp35m-win_amd64.whl", hash = "sha256:903bbd302a2378f984aef528f76d4c9b1748f318fe1294961c072bdc7f2ffa3e"},
    {file = "greenlet-1.1.2-cp36-cp36m-macosx_10_14_x86_64.whl", hash = "sha256:049fe7579230e44daef03a259faa24511d10ebfa44f69411d99e6a184fe68073"},
    {file = "greenlet-1.1.2-cp36-cp36m-manylinux1_x86_64.whl", hash = "sha256:dd0b1e9e891f69e7675ba5c92e28b90eaa045f6ab134ffe70b52e948aa175b3c"},
    {file = "greenlet-1.1.2-cp36-cp36m-manylinux2010_x86_64.whl", hash = "sha256:7418b6bfc7fe3331541b84bb2141c9baf1ec7132a7ecd9f375912eca810e714e"},
    {file = "greenlet-1.1.2-cp36-cp36m-manylinux_2_17_aarch64.manylinux2014_aarch64.whl", hash = "sha256:f9d29ca8a77117315101425ec7ec2a47a22ccf59f5593378fc4077ac5b754fce"},
    {file = "greenlet-1.1.2-cp36-cp36m-manylinux_2_17_ppc64le.manylinux2014_ppc64le.whl", hash = "sha256:21915eb821a6b3d9d8eefdaf57d6c345b970ad722f856cd71739493ce003ad08"},
    {file = "greenlet-1.1.2-cp36-cp36m-manylinux_2_17_x86_64.manylinux2014_x86_64.whl", hash = "sha256:eff9d20417ff9dcb0d25e2defc2574d10b491bf2e693b4e491914738b7908168"},
    {file = "greenlet-1.1.2-cp36-cp36m-win32.whl", hash = "sha256:32ca72bbc673adbcfecb935bb3fb1b74e663d10a4b241aaa2f5a75fe1d1f90aa"},
    {file = "greenlet-1.1.2-cp36-cp36m-win_amd64.whl", hash = "sha256:f0214eb2a23b85528310dad848ad2ac58e735612929c8072f6093f3585fd342d"},
    {file = "greenlet-1.1.2-cp37-cp37m-macosx_10_14_x86_64.whl", hash = "sha256:b92e29e58bef6d9cfd340c72b04d74c4b4e9f70c9fa7c78b674d1fec18896dc4"},
    {file = "greenlet-1.1.2-cp37-cp37m-manylinux1_x86_64.whl", hash = "sha256:fdcec0b8399108577ec290f55551d926d9a1fa6cad45882093a7a07ac5ec147b"},
    {file = "greenlet-1.1.2-cp37-cp37m-manylinux2010_x86_64.whl", hash = "sha256:93f81b134a165cc17123626ab8da2e30c0455441d4ab5576eed73a64c025b25c"},
    {file = "greenlet-1.1.2-cp37-cp37m-manylinux_2_17_aarch64.manylinux2014_aarch64.whl", hash = "sha256:1e12bdc622676ce47ae9abbf455c189e442afdde8818d9da983085df6312e7a1"},
    {file = "greenlet-1.1.2-cp37-cp37m-manylinux_2_17_ppc64le.manylinux2014_ppc64le.whl", hash = "sha256:8c790abda465726cfb8bb08bd4ca9a5d0a7bd77c7ac1ca1b839ad823b948ea28"},
    {file = "greenlet-1.1.2-cp37-cp37m-manylinux_2_17_x86_64.manylinux2014_x86_64.whl", hash = "sha256:f276df9830dba7a333544bd41070e8175762a7ac20350786b322b714b0e654f5"},
    {file = "greenlet-1.1.2-cp37-cp37m-win32.whl", hash = "sha256:64e6175c2e53195278d7388c454e0b30997573f3f4bd63697f88d855f7a6a1fc"},
    {file = "greenlet-1.1.2-cp37-cp37m-win_amd64.whl", hash = "sha256:b11548073a2213d950c3f671aa88e6f83cda6e2fb97a8b6317b1b5b33d850e06"},
    {file = "greenlet-1.1.2-cp38-cp38-macosx_10_14_x86_64.whl", hash = "sha256:9633b3034d3d901f0a46b7939f8c4d64427dfba6bbc5a36b1a67364cf148a1b0"},
    {file = "greenlet-1.1.2-cp38-cp38-manylinux1_x86_64.whl", hash = "sha256:eb6ea6da4c787111adf40f697b4e58732ee0942b5d3bd8f435277643329ba627"},
    {file = "greenlet-1.1.2-cp38-cp38-manylinux2010_x86_64.whl", hash = "sha256:f3acda1924472472ddd60c29e5b9db0cec629fbe3c5c5accb74d6d6d14773478"},
    {file = "greenlet-1.1.2-cp38-cp38-manylinux_2_17_aarch64.manylinux2014_aarch64.whl", hash = "sha256:e859fcb4cbe93504ea18008d1df98dee4f7766db66c435e4882ab35cf70cac43"},
    {file = "greenlet-1.1.2-cp38-cp38-manylinux_2_17_ppc64le.manylinux2014_ppc64le.whl", hash = "sha256:00e44c8afdbe5467e4f7b5851be223be68adb4272f44696ee71fe46b7036a711"},
    {file = "greenlet-1.1.2-cp38-cp38-manylinux_2_17_x86_64.manylinux2014_x86_64.whl", hash = "sha256:ec8c433b3ab0419100bd45b47c9c8551248a5aee30ca5e9d399a0b57ac04651b"},
    {file = "greenlet-1.1.2-cp38-cp38-win32.whl", hash = "sha256:288c6a76705dc54fba69fbcb59904ae4ad768b4c768839b8ca5fdadec6dd8cfd"},
    {file = "greenlet-1.1.2-cp38-cp38-win_amd64.whl", hash = "sha256:8d2f1fb53a421b410751887eb4ff21386d119ef9cde3797bf5e7ed49fb51a3b3"},
    {file = "greenlet-1.1.2-cp39-cp39-macosx_10_14_x86_64.whl", hash = "sha256:166eac03e48784a6a6e0e5f041cfebb1ab400b394db188c48b3a84737f505b67"},
    {file = "greenlet-1.1.2-cp39-cp39-manylinux1_x86_64.whl", hash = "sha256:572e1787d1460da79590bf44304abbc0a2da944ea64ec549188fa84d89bba7ab"},
    {file = "greenlet-1.1.2-cp39-cp39-manylinux2010_x86_64.whl", hash = "sha256:be5f425ff1f5f4b3c1e33ad64ab994eed12fc284a6ea71c5243fd564502ecbe5"},
    {file = "greenlet-1.1.2-cp39-cp39-manylinux_2_17_aarch64.manylinux2014_aarch64.whl", hash = "sha256:b1692f7d6bc45e3200844be0dba153612103db241691088626a33ff1f24a0d88"},
    {file = "greenlet-1.1.2-cp39-cp39-manylinux_2_17_ppc64le.manylinux2014_ppc64le.whl", hash = "sha256:7227b47e73dedaa513cdebb98469705ef0d66eb5a1250144468e9c3097d6b59b"},
    {file = "greenlet-1.1.2-cp39-cp39-manylinux_2_17_x86_64.manylinux2014_x86_64.whl", hash = "sha256:7ff61ff178250f9bb3cd89752df0f1dd0e27316a8bd1465351652b1b4a4cdfd3"},
    {file = "greenlet-1.1.2-cp39-cp39-win32.whl", hash = "sha256:f70a9e237bb792c7cc7e44c531fd48f5897961701cdaa06cf22fc14965c496cf"},
    {file = "greenlet-1.1.2-cp39-cp39-win_amd64.whl", hash = "sha256:013d61294b6cd8fe3242932c1c5e36e5d1db2c8afb58606c5a67efce62c1f5fd"},
    {file = "greenlet-1.1.2.tar.gz", hash = "sha256:e30f5ea4ae2346e62cedde8794a56858a67b878dd79f7df76a0767e356b1744a"},
]
mccabe = [
    {file = "mccabe-0.6.1-py2.py3-none-any.whl", hash = "sha256:ab8a6258860da4b6677da4bd2fe5dc2c659cff31b3ee4f7f5d64e79735b80d42"},
    {file = "mccabe-0.6.1.tar.gz", hash = "sha256:dd8d182285a0fe56bace7f45b5e7d1a6ebcbf524e8f3bd87eb0f125271b8831f"},
]
mypy-extensions = [
    {file = "mypy_extensions-0.4.3-py2.py3-none-any.whl", hash = "sha256:090fedd75945a69ae91ce1303b5824f428daf5a028d2f6ab8a299250a846f15d"},
    {file = "mypy_extensions-0.4.3.tar.gz", hash = "sha256:2d82818f5bb3e369420cb3c4060a7970edba416647068eb4c5343488a6c604a8"},
]
numpy = [
    {file = "numpy-1.21.1-cp37-cp37m-macosx_10_9_x86_64.whl", hash = "sha256:38e8648f9449a549a7dfe8d8755a5979b45b3538520d1e735637ef28e8c2dc50"},
    {file = "numpy-1.21.1-cp37-cp37m-manylinux_2_12_i686.manylinux2010_i686.whl", hash = "sha256:fd7d7409fa643a91d0a05c7554dd68aa9c9bb16e186f6ccfe40d6e003156e33a"},
    {file = "numpy-1.21.1-cp37-cp37m-manylinux_2_12_x86_64.manylinux2010_x86_64.whl", hash = "sha256:a75b4498b1e93d8b700282dc8e655b8bd559c0904b3910b144646dbbbc03e062"},
    {file = "numpy-1.21.1-cp37-cp37m-manylinux_2_17_aarch64.manylinux2014_aarch64.whl", hash = "sha256:1412aa0aec3e00bc23fbb8664d76552b4efde98fb71f60737c83efbac24112f1"},
    {file = "numpy-1.21.1-cp37-cp37m-manylinux_2_5_i686.manylinux1_i686.whl", hash = "sha256:e46ceaff65609b5399163de5893d8f2a82d3c77d5e56d976c8b5fb01faa6b671"},
    {file = "numpy-1.21.1-cp37-cp37m-manylinux_2_5_x86_64.manylinux1_x86_64.whl", hash = "sha256:c6a2324085dd52f96498419ba95b5777e40b6bcbc20088fddb9e8cbb58885e8e"},
    {file = "numpy-1.21.1-cp37-cp37m-win32.whl", hash = "sha256:73101b2a1fef16602696d133db402a7e7586654682244344b8329cdcbbb82172"},
    {file = "numpy-1.21.1-cp37-cp37m-win_amd64.whl", hash = "sha256:7a708a79c9a9d26904d1cca8d383bf869edf6f8e7650d85dbc77b041e8c5a0f8"},
    {file = "numpy-1.21.1-cp38-cp38-macosx_10_9_universal2.whl", hash = "sha256:95b995d0c413f5d0428b3f880e8fe1660ff9396dcd1f9eedbc311f37b5652e16"},
    {file = "numpy-1.21.1-cp38-cp38-macosx_10_9_x86_64.whl", hash = "sha256:635e6bd31c9fb3d475c8f44a089569070d10a9ef18ed13738b03049280281267"},
    {file = "numpy-1.21.1-cp38-cp38-macosx_11_0_arm64.whl", hash = "sha256:4a3d5fb89bfe21be2ef47c0614b9c9c707b7362386c9a3ff1feae63e0267ccb6"},
    {file = "numpy-1.21.1-cp38-cp38-manylinux_2_12_i686.manylinux2010_i686.whl", hash = "sha256:8a326af80e86d0e9ce92bcc1e65c8ff88297de4fa14ee936cb2293d414c9ec63"},
    {file = "numpy-1.21.1-cp38-cp38-manylinux_2_12_x86_64.manylinux2010_x86_64.whl", hash = "sha256:791492091744b0fe390a6ce85cc1bf5149968ac7d5f0477288f78c89b385d9af"},
    {file = "numpy-1.21.1-cp38-cp38-manylinux_2_17_aarch64.manylinux2014_aarch64.whl", hash = "sha256:0318c465786c1f63ac05d7c4dbcecd4d2d7e13f0959b01b534ea1e92202235c5"},
    {file = "numpy-1.21.1-cp38-cp38-manylinux_2_5_i686.manylinux1_i686.whl", hash = "sha256:9a513bd9c1551894ee3d31369f9b07460ef223694098cf27d399513415855b68"},
    {file = "numpy-1.21.1-cp38-cp38-manylinux_2_5_x86_64.manylinux1_x86_64.whl", hash = "sha256:91c6f5fc58df1e0a3cc0c3a717bb3308ff850abdaa6d2d802573ee2b11f674a8"},
    {file = "numpy-1.21.1-cp38-cp38-win32.whl", hash = "sha256:978010b68e17150db8765355d1ccdd450f9fc916824e8c4e35ee620590e234cd"},
    {file = "numpy-1.21.1-cp38-cp38-win_amd64.whl", hash = "sha256:9749a40a5b22333467f02fe11edc98f022133ee1bfa8ab99bda5e5437b831214"},
    {file = "numpy-1.21.1-cp39-cp39-macosx_10_9_universal2.whl", hash = "sha256:d7a4aeac3b94af92a9373d6e77b37691b86411f9745190d2c351f410ab3a791f"},
    {file = "numpy-1.21.1-cp39-cp39-macosx_10_9_x86_64.whl", hash = "sha256:d9e7912a56108aba9b31df688a4c4f5cb0d9d3787386b87d504762b6754fbb1b"},
    {file = "numpy-1.21.1-cp39-cp39-macosx_11_0_arm64.whl", hash = "sha256:25b40b98ebdd272bc3020935427a4530b7d60dfbe1ab9381a39147834e985eac"},
    {file = "numpy-1.21.1-cp39-cp39-manylinux_2_12_i686.manylinux2010_i686.whl", hash = "sha256:8a92c5aea763d14ba9d6475803fc7904bda7decc2a0a68153f587ad82941fec1"},
    {file = "numpy-1.21.1-cp39-cp39-manylinux_2_12_x86_64.manylinux2010_x86_64.whl", hash = "sha256:05a0f648eb28bae4bcb204e6fd14603de2908de982e761a2fc78efe0f19e96e1"},
    {file = "numpy-1.21.1-cp39-cp39-manylinux_2_17_aarch64.manylinux2014_aarch64.whl", hash = "sha256:f01f28075a92eede918b965e86e8f0ba7b7797a95aa8d35e1cc8821f5fc3ad6a"},
    {file = "numpy-1.21.1-cp39-cp39-win32.whl", hash = "sha256:88c0b89ad1cc24a5efbb99ff9ab5db0f9a86e9cc50240177a571fbe9c2860ac2"},
    {file = "numpy-1.21.1-cp39-cp39-win_amd64.whl", hash = "sha256:01721eefe70544d548425a07c80be8377096a54118070b8a62476866d5208e33"},
    {file = "numpy-1.21.1-pp37-pypy37_pp73-manylinux_2_12_x86_64.manylinux2010_x86_64.whl", hash = "sha256:2d4d1de6e6fb3d28781c73fbde702ac97f03d79e4ffd6598b880b2d95d62ead4"},
    {file = "numpy-1.21.1.zip", hash = "sha256:dff4af63638afcc57a3dfb9e4b26d434a7a602d225b42d746ea7fe2edf1342fd"},
]
pathspec = [
    {file = "pathspec-0.9.0-py2.py3-none-any.whl", hash = "sha256:7d15c4ddb0b5c802d161efc417ec1a2558ea2653c2e8ad9c19098201dc1c993a"},
    {file = "pathspec-0.9.0.tar.gz", hash = "sha256:e564499435a2673d586f6b2130bb5b95f04a3ba06f81b8f895b651a3c76aabb1"},
]
platformdirs = [
    {file = "platformdirs-2.4.0-py3-none-any.whl", hash = "sha256:8868bbe3c3c80d42f20156f22e7131d2fb321f5bc86a2a345375c6481a67021d"},
    {file = "platformdirs-2.4.0.tar.gz", hash = "sha256:367a5e80b3d04d2428ffa76d33f124cf11e8fff2acdaa9b43d545f5c7d661ef2"},
]
pycodestyle = [
    {file = "pycodestyle-2.8.0-py2.py3-none-any.whl", hash = "sha256:720f8b39dde8b293825e7ff02c475f3077124006db4f440dcbc9a20b76548a20"},
    {file = "pycodestyle-2.8.0.tar.gz", hash = "sha256:eddd5847ef438ea1c7870ca7eb78a9d47ce0cdb4851a5523949f2601d0cbbe7f"},
]
pyflakes = [
    {file = "pyflakes-2.4.0-py2.py3-none-any.whl", hash = "sha256:3bb3a3f256f4b7968c9c788781e4ff07dce46bdf12339dcda61053375426ee2e"},
    {file = "pyflakes-2.4.0.tar.gz", hash = "sha256:05a85c2872edf37a4ed30b0cce2f6093e1d0581f8c19d7393122da7e25b2b24c"},
]
python-dateutil = [
    {file = "python-dateutil-2.8.2.tar.gz", hash = "sha256:0123cacc1627ae19ddf3c27a5de5bd67ee4586fbdd6440d9748f8abb483d3e86"},
    {file = "python_dateutil-2.8.2-py2.py3-none-any.whl", hash = "sha256:961d03dc3453ebbc59dbdea9e4e11c5651520a876d0f4db161e8674aae935da9"},
]
pytz = [
    {file = "pytz-2021.3-py2.py3-none-any.whl", hash = "sha256:3672058bc3453457b622aab7a1c3bfd5ab0bdae451512f6cf25f64ed37f5b87c"},
    {file = "pytz-2021.3.tar.gz", hash = "sha256:acad2d8b20a1af07d4e4c9d2e9285c5ed9104354062f275f3fcd88dcef4f1326"},
]
pytz-deprecation-shim = [
    {file = "pytz_deprecation_shim-0.1.0.post0-py2.py3-none-any.whl", hash = "sha256:8314c9692a636c8eb3bda879b9f119e350e93223ae83e70e80c31675a0fdc1a6"},
    {file = "pytz_deprecation_shim-0.1.0.post0.tar.gz", hash = "sha256:af097bae1b616dde5c5744441e2ddc69e74dfdcb0c263129610d85b87445a59d"},
]
six = [
    {file = "six-1.16.0-py2.py3-none-any.whl", hash = "sha256:8abb2f1d86890a2dfb989f9a77cfcfd3e47c2a354b01111771326f8aa26e0254"},
    {file = "six-1.16.0.tar.gz", hash = "sha256:1e61c37477a1626458e36f7b1d82aa5c9b094fa4802892072e49de9c60c4c926"},
]
sqlalchemy = [
    {file = "SQLAlchemy-1.4.28-cp27-cp27m-macosx_10_14_x86_64.whl", hash = "sha256:e659f256b7d402338563913bdeba53bf1eadd4c09e6f6dc93cc47938f7962a8f"},
    {file = "SQLAlchemy-1.4.28-cp27-cp27m-manylinux_2_5_x86_64.manylinux1_x86_64.whl", hash = "sha256:38df997ffa9007e953ad574f2263f61b9b683fd63ae397480ea4960be9bda0fd"},
    {file = "SQLAlchemy-1.4.28-cp27-cp27m-win_amd64.whl", hash = "sha256:6dd6fa51cf08d9433d28802228d2204e175324f1a284c4492e4af2dd36a2d485"},
    {file = "SQLAlchemy-1.4.28-cp27-cp27mu-manylinux_2_5_x86_64.manylinux1_x86_64.whl", hash = "sha256:bb2d8530b7cc94b7fd9341843c3e49b6db48ea22313a8db9df21c41615b5e7b1"},
    {file = "SQLAlchemy-1.4.28-cp310-cp310-macosx_10_14_x86_64.whl", hash = "sha256:3b64f5d1c1d0e5f2ed4aa66f2b65ff6bdcdf4c5cc83b71c4bbf69695b09e9e19"},
    {file = "SQLAlchemy-1.4.28-cp310-cp310-manylinux_2_17_aarch64.manylinux2014_aarch64.whl", hash = "sha256:f25c02991e22ddce134ef1093ef5a9d5de448fc87b91432e4f879826e93cd1c7"},
    {file = "SQLAlchemy-1.4.28-cp310-cp310-manylinux_2_5_x86_64.manylinux1_x86_64.manylinux_2_12_x86_64.manylinux2010_x86_64.whl", hash = "sha256:387365c157e96eceacdd6c5468815ad05a523ba778680de4c8139a029e1fe044"},
    {file = "SQLAlchemy-1.4.28-cp310-cp310-manylinux_2_5_x86_64.manylinux1_x86_64.manylinux_2_17_x86_64.manylinux2014_x86_64.whl", hash = "sha256:5639800f1cfe751569af2242041b30a08a6c0b9e5d95ed674ec8082d381eff13"},
    {file = "SQLAlchemy-1.4.28-cp310-cp310-win32.whl", hash = "sha256:261fcb3ff8c59e17ec44f9e61713a44ceaa97ae816da978d5cd1dc2c36f32478"},
    {file = "SQLAlchemy-1.4.28-cp310-cp310-win_amd64.whl", hash = "sha256:29d10796e5604ab7bc067eda7231a2d2411a51eda43082673641245a49d1c4bb"},
    {file = "SQLAlchemy-1.4.28-cp36-cp36m-macosx_10_14_x86_64.whl", hash = "sha256:4490b10f83cd56ca2cdcd94b140d89911ac331e42a727b79157963b1b04fdd0c"},
    {file = "SQLAlchemy-1.4.28-cp36-cp36m-manylinux_2_17_aarch64.manylinux2014_aarch64.whl", hash = "sha256:83ee7f6fa5faed23996c67044376d46815f65183ad6d744d94d68b18cdef060b"},
    {file = "SQLAlchemy-1.4.28-cp36-cp36m-manylinux_2_5_x86_64.manylinux1_x86_64.manylinux_2_12_x86_64.manylinux2010_x86_64.whl", hash = "sha256:f667a947378bcb12a371ab38bed1b708f3a682d1ba30176422652082919285a2"},
    {file = "SQLAlchemy-1.4.28-cp36-cp36m-manylinux_2_5_x86_64.manylinux1_x86_64.manylinux_2_17_x86_64.manylinux2014_x86_64.whl", hash = "sha256:61965abc63c8b54038574698888e91a126753a4bdc0ec001397acb14501834e0"},
    {file = "SQLAlchemy-1.4.28-cp36-cp36m-win32.whl", hash = "sha256:41a02030f8934b0de843341e7014192a0c16ee2726a06da154c81153fbe56b33"},
    {file = "SQLAlchemy-1.4.28-cp36-cp36m-win_amd64.whl", hash = "sha256:c3497cd63c5f90112b8882ea4dd694052166f779ce9055cd5c4305e0b76d72d9"},
    {file = "SQLAlchemy-1.4.28-cp37-cp37m-macosx_10_14_x86_64.whl", hash = "sha256:5d91dce14ac3347bce301062ca825e7fb7e15c133f3909f15989e94878b1082f"},
    {file = "SQLAlchemy-1.4.28-cp37-cp37m-manylinux_2_17_aarch64.manylinux2014_aarch64.whl", hash = "sha256:08e39d65b38d4c3f77c4c9bf090b0ba4ec5721a6e0a74b63d2a9781cdcacf142"},
    {file = "SQLAlchemy-1.4.28-cp37-cp37m-manylinux_2_5_x86_64.manylinux1_x86_64.manylinux_2_12_x86_64.manylinux2010_x86_64.whl", hash = "sha256:c85ead1d17acc5e8b282c578394dba253728bcbcbeb66e4ef0e25f4bab53935a"},
    {file = "SQLAlchemy-1.4.28-cp37-cp37m-manylinux_2_5_x86_64.manylinux1_x86_64.manylinux_2_17_x86_64.manylinux2014_x86_64.whl", hash = "sha256:daddcd6ba1706cc5fcc9cfaa913aa4bf331172dc7efd385fe3ee1feae3b513bc"},
    {file = "SQLAlchemy-1.4.28-cp37-cp37m-win32.whl", hash = "sha256:ce4f2b34378561bc2e42635888fe86efe13d104ba1d95b5ca67b4d60d8e53e67"},
    {file = "SQLAlchemy-1.4.28-cp37-cp37m-win_amd64.whl", hash = "sha256:4999b03daa6c9afb9a0bf9e3b8769128ef1880557dacfca86fa7562920c49f6b"},
    {file = "SQLAlchemy-1.4.28-cp38-cp38-macosx_10_14_x86_64.whl", hash = "sha256:dd041324328cece3ccdf70cfbd71b5ab968e564a22318ffd88b054f5eadeb9be"},
    {file = "SQLAlchemy-1.4.28-cp38-cp38-manylinux_2_17_aarch64.manylinux2014_aarch64.whl", hash = "sha256:bf2c1d64c4ee0f30e08e1844ff0acf3c1b6c4277c0e89ec3e8bf1722d245b108"},
    {file = "SQLAlchemy-1.4.28-cp38-cp38-manylinux_2_5_x86_64.manylinux1_x86_64.manylinux_2_12_x86_64.manylinux2010_x86_64.whl", hash = "sha256:525e962af8f25fc24ce019e6f237d49f8720d757a8a56c9b4caa2d91e2c66111"},
    {file = "SQLAlchemy-1.4.28-cp38-cp38-manylinux_2_5_x86_64.manylinux1_x86_64.manylinux_2_17_x86_64.manylinux2014_x86_64.whl", hash = "sha256:b72744fed32ecf2bf786d2e2f6756c04126c323ba939f47177b9722775626889"},
    {file = "SQLAlchemy-1.4.28-cp38-cp38-win32.whl", hash = "sha256:b5541355b8d4970753d4f7292f73a320704b20406e06cd29b469d156f0a484d8"},
    {file = "SQLAlchemy-1.4.28-cp38-cp38-win_amd64.whl", hash = "sha256:cf3a3c2f32d53a4166b2eb8de35f93bcb640e51c32033024af500017d8e8a8c9"},
    {file = "SQLAlchemy-1.4.28-cp39-cp39-macosx_10_14_x86_64.whl", hash = "sha256:dfa093bd8ecfceafff62078910178567323005e44fbe4d7933e6cbce4512cea2"},
    {file = "SQLAlchemy-1.4.28-cp39-cp39-manylinux_2_17_aarch64.manylinux2014_aarch64.whl", hash = "sha256:555d56b71f61b4c9fa55fe203fe6e1e561c9385fa97c5849783ae050a89113af"},
    {file = "SQLAlchemy-1.4.28-cp39-cp39-manylinux_2_5_x86_64.manylinux1_x86_64.manylinux_2_12_x86_64.manylinux2010_x86_64.whl", hash = "sha256:c90b21360cf14d33c8a004f991aa336c7906a8db825d4ec38722c5ff1c47dada"},
    {file = "SQLAlchemy-1.4.28-cp39-cp39-manylinux_2_5_x86_64.manylinux1_x86_64.manylinux_2_17_x86_64.manylinux2014_x86_64.whl", hash = "sha256:2019b332cf4f9a513133fdf056dc4cecec7fbae7016ebc574d0f310103eed7ee"},
    {file = "SQLAlchemy-1.4.28-cp39-cp39-win32.whl", hash = "sha256:ca500f30619daf863ab1c66d57d53a0987361a8f3266454290198aabd18f2599"},
    {file = "SQLAlchemy-1.4.28-cp39-cp39-win_amd64.whl", hash = "sha256:853de08e881dae0305647dd61b4429758f11d1bf02a9faf02793cad44bb2e0d5"},
    {file = "SQLAlchemy-1.4.28.tar.gz", hash = "sha256:7fdb7b775fb0739d3e71461509f978beb788935bc0aa9e47df14837cb33e5226"},
]
tomli = [
    {file = "tomli-1.2.3-py3-none-any.whl", hash = "sha256:e3069e4be3ead9668e21cb9b074cd948f7b3113fd9c8bba083f48247aab8b11c"},
    {file = "tomli-1.2.3.tar.gz", hash = "sha256:05b6166bff487dc068d322585c7ea4ef78deed501cc124060e0f238e89a9231f"},
]
typing-extensions = [
    {file = "typing_extensions-4.0.1-py3-none-any.whl", hash = "sha256:7f001e5ac290a0c0401508864c7ec868be4e701886d5b573a9528ed3973d9d3b"},
    {file = "typing_extensions-4.0.1.tar.gz", hash = "sha256:4ca091dea149f945ec56afb48dae714f21e8692ef22a395223bcd328961b6a0e"},
]
tzdata = [
    {file = "tzdata-2021.5-py2.py3-none-any.whl", hash = "sha256:3eee491e22ebfe1e5cfcc97a4137cd70f092ce59144d81f8924a844de05ba8f5"},
    {file = "tzdata-2021.5.tar.gz", hash = "sha256:68dbe41afd01b867894bbdfd54fa03f468cfa4f0086bfb4adcd8de8f24f3ee21"},
]
tzlocal = [
    {file = "tzlocal-4.1-py3-none-any.whl", hash = "sha256:28ba8d9fcb6c9a782d6e0078b4f6627af1ea26aeaa32b4eab5324abc7df4149f"},
    {file = "tzlocal-4.1.tar.gz", hash = "sha256:0f28015ac68a5c067210400a9197fc5d36ba9bc3f8eaf1da3cbd59acdfed9e09"},
]
